// !$*UTF8*$!
{
	archiveVersion = 1;
	classes = {
	};
	objectVersion = 56;
	objects = {

/* Begin PBXBuildFile section */
		412AE21D2B1F34B50086AEED /* main.swift in Sources */ = {isa = PBXBuildFile; fileRef = 412AE21C2B1F34B50086AEED /* main.swift */; };
		417964452B201C8C0098A8E9 /* SE0270_RangeSet in Frameworks */ = {isa = PBXBuildFile; productRef = 417964442B201C8C0098A8E9 /* SE0270_RangeSet */; };
		41C7BDD32B1B2B6E002A1F1B /* main.swift in Sources */ = {isa = PBXBuildFile; fileRef = 41C7BDD22B1B2B6E002A1F1B /* main.swift */; };
		41C7BDDE2B1C8CCE002A1F1B /* main.swift in Sources */ = {isa = PBXBuildFile; fileRef = 41C7BDDD2B1C8CCE002A1F1B /* main.swift */; };
		41CA9AEB2B1DD01F00268654 /* main.swift in Sources */ = {isa = PBXBuildFile; fileRef = 41CA9AEA2B1DD01F00268654 /* main.swift */; };
		41CA9AF12B1DD34500268654 /* Algorithms in Frameworks */ = {isa = PBXBuildFile; productRef = 41CA9AF02B1DD34500268654 /* Algorithms */; };
		41EBEB6D2B1AA28C00D2E9A3 /* main.swift in Sources */ = {isa = PBXBuildFile; fileRef = 41EBEB6C2B1AA28C00D2E9A3 /* main.swift */; };
/* End PBXBuildFile section */

/* Begin PBXCopyFilesBuildPhase section */
		412AE2182B1F34B50086AEED /* CopyFiles */ = {
			isa = PBXCopyFilesBuildPhase;
			buildActionMask = 2147483647;
			dstPath = /usr/share/man/man1/;
			dstSubfolderSpec = 0;
			files = (
			);
			runOnlyForDeploymentPostprocessing = 1;
		};
		41C7BDCE2B1B2B6E002A1F1B /* CopyFiles */ = {
			isa = PBXCopyFilesBuildPhase;
			buildActionMask = 2147483647;
			dstPath = /usr/share/man/man1/;
			dstSubfolderSpec = 0;
			files = (
			);
			runOnlyForDeploymentPostprocessing = 1;
		};
		41C7BDD92B1C8CCE002A1F1B /* CopyFiles */ = {
			isa = PBXCopyFilesBuildPhase;
			buildActionMask = 2147483647;
			dstPath = /usr/share/man/man1/;
			dstSubfolderSpec = 0;
			files = (
			);
			runOnlyForDeploymentPostprocessing = 1;
		};
		41CA9AE62B1DD01F00268654 /* CopyFiles */ = {
			isa = PBXCopyFilesBuildPhase;
			buildActionMask = 2147483647;
			dstPath = /usr/share/man/man1/;
			dstSubfolderSpec = 0;
			files = (
			);
			runOnlyForDeploymentPostprocessing = 1;
		};
		41EBEB682B1AA28C00D2E9A3 /* CopyFiles */ = {
			isa = PBXCopyFilesBuildPhase;
			buildActionMask = 2147483647;
			dstPath = /usr/share/man/man1/;
			dstSubfolderSpec = 0;
			files = (
			);
			runOnlyForDeploymentPostprocessing = 1;
		};
/* End PBXCopyFilesBuildPhase section */

/* Begin PBXFileReference section */
		412AE21A2B1F34B50086AEED /* Day 5 */ = {isa = PBXFileReference; explicitFileType = "compiled.mach-o.executable"; includeInIndex = 0; path = "Day 5"; sourceTree = BUILT_PRODUCTS_DIR; };
		412AE21C2B1F34B50086AEED /* main.swift */ = {isa = PBXFileReference; lastKnownFileType = sourcecode.swift; path = main.swift; sourceTree = "<group>"; };
		41C7BDD02B1B2B6E002A1F1B /* Day 2 */ = {isa = PBXFileReference; explicitFileType = "compiled.mach-o.executable"; includeInIndex = 0; path = "Day 2"; sourceTree = BUILT_PRODUCTS_DIR; };
		41C7BDD22B1B2B6E002A1F1B /* main.swift */ = {isa = PBXFileReference; lastKnownFileType = sourcecode.swift; path = main.swift; sourceTree = "<group>"; };
		41C7BDDB2B1C8CCE002A1F1B /* Day 3 */ = {isa = PBXFileReference; explicitFileType = "compiled.mach-o.executable"; includeInIndex = 0; path = "Day 3"; sourceTree = BUILT_PRODUCTS_DIR; };
		41C7BDDD2B1C8CCE002A1F1B /* main.swift */ = {isa = PBXFileReference; lastKnownFileType = sourcecode.swift; path = main.swift; sourceTree = "<group>"; };
		41CA9AE82B1DD01F00268654 /* Day 4 */ = {isa = PBXFileReference; explicitFileType = "compiled.mach-o.executable"; includeInIndex = 0; path = "Day 4"; sourceTree = BUILT_PRODUCTS_DIR; };
		41CA9AEA2B1DD01F00268654 /* main.swift */ = {isa = PBXFileReference; lastKnownFileType = sourcecode.swift; path = main.swift; sourceTree = "<group>"; };
		41EBEB6A2B1AA28C00D2E9A3 /* Day 1 */ = {isa = PBXFileReference; explicitFileType = "compiled.mach-o.executable"; includeInIndex = 0; path = "Day 1"; sourceTree = BUILT_PRODUCTS_DIR; };
		41EBEB6C2B1AA28C00D2E9A3 /* main.swift */ = {isa = PBXFileReference; lastKnownFileType = sourcecode.swift; path = main.swift; sourceTree = "<group>"; };
/* End PBXFileReference section */

/* Begin PBXFrameworksBuildPhase section */
		412AE2172B1F34B50086AEED /* Frameworks */ = {
			isa = PBXFrameworksBuildPhase;
			buildActionMask = 2147483647;
			files = (
				417964452B201C8C0098A8E9 /* SE0270_RangeSet in Frameworks */,
			);
			runOnlyForDeploymentPostprocessing = 0;
		};
		41C7BDCD2B1B2B6E002A1F1B /* Frameworks */ = {
			isa = PBXFrameworksBuildPhase;
			buildActionMask = 2147483647;
			files = (
			);
			runOnlyForDeploymentPostprocessing = 0;
		};
		41C7BDD82B1C8CCE002A1F1B /* Frameworks */ = {
			isa = PBXFrameworksBuildPhase;
			buildActionMask = 2147483647;
			files = (
			);
			runOnlyForDeploymentPostprocessing = 0;
		};
		41CA9AE52B1DD01F00268654 /* Frameworks */ = {
			isa = PBXFrameworksBuildPhase;
			buildActionMask = 2147483647;
			files = (
				41CA9AF12B1DD34500268654 /* Algorithms in Frameworks */,
			);
			runOnlyForDeploymentPostprocessing = 0;
		};
		41EBEB672B1AA28C00D2E9A3 /* Frameworks */ = {
			isa = PBXFrameworksBuildPhase;
			buildActionMask = 2147483647;
			files = (
			);
			runOnlyForDeploymentPostprocessing = 0;
		};
/* End PBXFrameworksBuildPhase section */

/* Begin PBXGroup section */
		412AE21B2B1F34B50086AEED /* Day 5 */ = {
			isa = PBXGroup;
			children = (
				412AE21C2B1F34B50086AEED /* main.swift */,
			);
			path = "Day 5";
			sourceTree = "<group>";
		};
		41C7BDD12B1B2B6E002A1F1B /* Day 2 */ = {
			isa = PBXGroup;
			children = (
				41C7BDD22B1B2B6E002A1F1B /* main.swift */,
			);
			path = "Day 2";
			sourceTree = "<group>";
		};
		41C7BDDC2B1C8CCE002A1F1B /* Day 3 */ = {
			isa = PBXGroup;
			children = (
				41C7BDDD2B1C8CCE002A1F1B /* main.swift */,
			);
			path = "Day 3";
			sourceTree = "<group>";
		};
		41CA9AE92B1DD01F00268654 /* Day 4 */ = {
			isa = PBXGroup;
			children = (
				41CA9AEA2B1DD01F00268654 /* main.swift */,
			);
			path = "Day 4";
			sourceTree = "<group>";
		};
		41CA9AEF2B1DD34500268654 /* Frameworks */ = {
			isa = PBXGroup;
			children = (
			);
			name = Frameworks;
			sourceTree = "<group>";
		};
		41EBEB522B1AA1CC00D2E9A3 = {
			isa = PBXGroup;
			children = (
				41EBEB6B2B1AA28C00D2E9A3 /* Day 1 */,
				41C7BDD12B1B2B6E002A1F1B /* Day 2 */,
				41C7BDDC2B1C8CCE002A1F1B /* Day 3 */,
				41CA9AE92B1DD01F00268654 /* Day 4 */,
				412AE21B2B1F34B50086AEED /* Day 5 */,
				41EBEB5C2B1AA1CC00D2E9A3 /* Products */,
				41CA9AEF2B1DD34500268654 /* Frameworks */,
			);
			sourceTree = "<group>";
		};
		41EBEB5C2B1AA1CC00D2E9A3 /* Products */ = {
			isa = PBXGroup;
			children = (
				41EBEB6A2B1AA28C00D2E9A3 /* Day 1 */,
				41C7BDD02B1B2B6E002A1F1B /* Day 2 */,
				41C7BDDB2B1C8CCE002A1F1B /* Day 3 */,
				41CA9AE82B1DD01F00268654 /* Day 4 */,
				412AE21A2B1F34B50086AEED /* Day 5 */,
			);
			name = Products;
			sourceTree = "<group>";
		};
		41EBEB6B2B1AA28C00D2E9A3 /* Day 1 */ = {
			isa = PBXGroup;
			children = (
				41EBEB6C2B1AA28C00D2E9A3 /* main.swift */,
			);
			path = "Day 1";
			sourceTree = "<group>";
		};
/* End PBXGroup section */

/* Begin PBXNativeTarget section */
		412AE2192B1F34B50086AEED /* Day 5 */ = {
			isa = PBXNativeTarget;
			buildConfigurationList = 412AE2202B1F34B50086AEED /* Build configuration list for PBXNativeTarget "Day 5" */;
			buildPhases = (
				412AE2162B1F34B50086AEED /* Sources */,
				412AE2172B1F34B50086AEED /* Frameworks */,
				412AE2182B1F34B50086AEED /* CopyFiles */,
			);
			buildRules = (
			);
			dependencies = (
			);
			name = "Day 5";
			packageProductDependencies = (
				417964442B201C8C0098A8E9 /* SE0270_RangeSet */,
			);
			productName = "Day 5";
			productReference = 412AE21A2B1F34B50086AEED /* Day 5 */;
			productType = "com.apple.product-type.tool";
		};
		41C7BDCF2B1B2B6E002A1F1B /* Day 2 */ = {
			isa = PBXNativeTarget;
			buildConfigurationList = 41C7BDD62B1B2B6E002A1F1B /* Build configuration list for PBXNativeTarget "Day 2" */;
			buildPhases = (
				41C7BDCC2B1B2B6E002A1F1B /* Sources */,
				41C7BDCD2B1B2B6E002A1F1B /* Frameworks */,
				41C7BDCE2B1B2B6E002A1F1B /* CopyFiles */,
			);
			buildRules = (
			);
			dependencies = (
			);
			name = "Day 2";
			productName = "Day 2";
			productReference = 41C7BDD02B1B2B6E002A1F1B /* Day 2 */;
			productType = "com.apple.product-type.tool";
		};
		41C7BDDA2B1C8CCE002A1F1B /* Day 3 */ = {
			isa = PBXNativeTarget;
			buildConfigurationList = 41C7BDE12B1C8CCE002A1F1B /* Build configuration list for PBXNativeTarget "Day 3" */;
			buildPhases = (
				41C7BDD72B1C8CCE002A1F1B /* Sources */,
				41C7BDD82B1C8CCE002A1F1B /* Frameworks */,
				41C7BDD92B1C8CCE002A1F1B /* CopyFiles */,
			);
			buildRules = (
			);
			dependencies = (
			);
			name = "Day 3";
			packageProductDependencies = (
			);
			productName = "Day 3";
			productReference = 41C7BDDB2B1C8CCE002A1F1B /* Day 3 */;
			productType = "com.apple.product-type.tool";
		};
		41CA9AE72B1DD01F00268654 /* Day 4 */ = {
			isa = PBXNativeTarget;
			buildConfigurationList = 41CA9AEE2B1DD01F00268654 /* Build configuration list for PBXNativeTarget "Day 4" */;
			buildPhases = (
				41CA9AE42B1DD01F00268654 /* Sources */,
				41CA9AE52B1DD01F00268654 /* Frameworks */,
				41CA9AE62B1DD01F00268654 /* CopyFiles */,
			);
			buildRules = (
			);
			dependencies = (
			);
			name = "Day 4";
			packageProductDependencies = (
				41CA9AF02B1DD34500268654 /* Algorithms */,
			);
			productName = "Day 4";
			productReference = 41CA9AE82B1DD01F00268654 /* Day 4 */;
			productType = "com.apple.product-type.tool";
		};
		41EBEB692B1AA28C00D2E9A3 /* Day 1 */ = {
			isa = PBXNativeTarget;
			buildConfigurationList = 41EBEB6E2B1AA28C00D2E9A3 /* Build configuration list for PBXNativeTarget "Day 1" */;
			buildPhases = (
				41EBEB662B1AA28C00D2E9A3 /* Sources */,
				41EBEB672B1AA28C00D2E9A3 /* Frameworks */,
				41EBEB682B1AA28C00D2E9A3 /* CopyFiles */,
			);
			buildRules = (
			);
			dependencies = (
			);
			name = "Day 1";
			productName = "Day 1";
			productReference = 41EBEB6A2B1AA28C00D2E9A3 /* Day 1 */;
			productType = "com.apple.product-type.tool";
		};
/* End PBXNativeTarget section */

/* Begin PBXProject section */
		41EBEB532B1AA1CC00D2E9A3 /* Project object */ = {
			isa = PBXProject;
			attributes = {
				BuildIndependentTargetsInParallel = 1;
				LastSwiftUpdateCheck = 1500;
				LastUpgradeCheck = 1500;
				TargetAttributes = {
					412AE2192B1F34B50086AEED = {
						CreatedOnToolsVersion = 15.0.1;
					};
					41C7BDCF2B1B2B6E002A1F1B = {
						CreatedOnToolsVersion = 15.0.1;
					};
					41C7BDDA2B1C8CCE002A1F1B = {
						CreatedOnToolsVersion = 15.0.1;
					};
					41CA9AE72B1DD01F00268654 = {
						CreatedOnToolsVersion = 15.0.1;
					};
					41EBEB692B1AA28C00D2E9A3 = {
						CreatedOnToolsVersion = 15.0.1;
					};
				};
			};
			buildConfigurationList = 41EBEB562B1AA1CC00D2E9A3 /* Build configuration list for PBXProject "Advent of Code 2023" */;
			compatibilityVersion = "Xcode 14.0";
			developmentRegion = en;
			hasScannedForEncodings = 0;
			knownRegions = (
				en,
				Base,
			);
			mainGroup = 41EBEB522B1AA1CC00D2E9A3;
			packageReferences = (
				416B50CD2B1CF21000C39077 /* XCRemoteSwiftPackageReference "swift-algorithms" */,
				416B50D02B1CF31000C39077 /* XCRemoteSwiftPackageReference "swift-argument-parser" */,
				417964432B201C8C0098A8E9 /* XCRemoteSwiftPackageReference "swift-se0270-range-set" */,
			);
			productRefGroup = 41EBEB5C2B1AA1CC00D2E9A3 /* Products */;
			projectDirPath = "";
			projectRoot = "";
			targets = (
				41EBEB692B1AA28C00D2E9A3 /* Day 1 */,
				41C7BDCF2B1B2B6E002A1F1B /* Day 2 */,
				41C7BDDA2B1C8CCE002A1F1B /* Day 3 */,
				41CA9AE72B1DD01F00268654 /* Day 4 */,
				412AE2192B1F34B50086AEED /* Day 5 */,
			);
		};
/* End PBXProject section */

/* Begin PBXSourcesBuildPhase section */
		412AE2162B1F34B50086AEED /* Sources */ = {
			isa = PBXSourcesBuildPhase;
			buildActionMask = 2147483647;
			files = (
				412AE21D2B1F34B50086AEED /* main.swift in Sources */,
			);
			runOnlyForDeploymentPostprocessing = 0;
		};
		41C7BDCC2B1B2B6E002A1F1B /* Sources */ = {
			isa = PBXSourcesBuildPhase;
			buildActionMask = 2147483647;
			files = (
				41C7BDD32B1B2B6E002A1F1B /* main.swift in Sources */,
			);
			runOnlyForDeploymentPostprocessing = 0;
		};
		41C7BDD72B1C8CCE002A1F1B /* Sources */ = {
			isa = PBXSourcesBuildPhase;
			buildActionMask = 2147483647;
			files = (
				41C7BDDE2B1C8CCE002A1F1B /* main.swift in Sources */,
			);
			runOnlyForDeploymentPostprocessing = 0;
		};
		41CA9AE42B1DD01F00268654 /* Sources */ = {
			isa = PBXSourcesBuildPhase;
			buildActionMask = 2147483647;
			files = (
				41CA9AEB2B1DD01F00268654 /* main.swift in Sources */,
			);
			runOnlyForDeploymentPostprocessing = 0;
		};
		41EBEB662B1AA28C00D2E9A3 /* Sources */ = {
			isa = PBXSourcesBuildPhase;
			buildActionMask = 2147483647;
			files = (
				41EBEB6D2B1AA28C00D2E9A3 /* main.swift in Sources */,
			);
			runOnlyForDeploymentPostprocessing = 0;
		};
/* End PBXSourcesBuildPhase section */

/* Begin XCBuildConfiguration section */
		412AE21E2B1F34B50086AEED /* Debug */ = {
			isa = XCBuildConfiguration;
			buildSettings = {
				CODE_SIGN_STYLE = Automatic;
				PRODUCT_NAME = "$(TARGET_NAME)";
				SWIFT_VERSION = 5.0;
			};
			name = Debug;
		};
		412AE21F2B1F34B50086AEED /* Release */ = {
			isa = XCBuildConfiguration;
			buildSettings = {
				CODE_SIGN_STYLE = Automatic;
				PRODUCT_NAME = "$(TARGET_NAME)";
				SWIFT_VERSION = 5.0;
			};
			name = Release;
		};
		41C7BDD42B1B2B6E002A1F1B /* Debug */ = {
			isa = XCBuildConfiguration;
			buildSettings = {
				CODE_SIGN_STYLE = Automatic;
				PRODUCT_NAME = "$(TARGET_NAME)";
				SWIFT_VERSION = 5.0;
			};
			name = Debug;
		};
		41C7BDD52B1B2B6E002A1F1B /* Release */ = {
			isa = XCBuildConfiguration;
			buildSettings = {
				CODE_SIGN_STYLE = Automatic;
				PRODUCT_NAME = "$(TARGET_NAME)";
				SWIFT_VERSION = 5.0;
			};
			name = Release;
		};
		41C7BDDF2B1C8CCE002A1F1B /* Debug */ = {
			isa = XCBuildConfiguration;
			buildSettings = {
				CODE_SIGN_STYLE = Automatic;
				PRODUCT_NAME = "$(TARGET_NAME)";
				SWIFT_VERSION = 5.0;
			};
			name = Debug;
		};
		41C7BDE02B1C8CCE002A1F1B /* Release */ = {
			isa = XCBuildConfiguration;
			buildSettings = {
				CODE_SIGN_STYLE = Automatic;
				PRODUCT_NAME = "$(TARGET_NAME)";
				SWIFT_VERSION = 5.0;
			};
			name = Release;
		};
		41CA9AEC2B1DD01F00268654 /* Debug */ = {
			isa = XCBuildConfiguration;
			buildSettings = {
				CODE_SIGN_STYLE = Automatic;
				PRODUCT_NAME = "$(TARGET_NAME)";
				SWIFT_VERSION = 5.0;
			};
			name = Debug;
		};
		41CA9AED2B1DD01F00268654 /* Release */ = {
			isa = XCBuildConfiguration;
			buildSettings = {
				CODE_SIGN_STYLE = Automatic;
				PRODUCT_NAME = "$(TARGET_NAME)";
				SWIFT_VERSION = 5.0;
			};
			name = Release;
		};
		41EBEB602B1AA1CC00D2E9A3 /* Debug */ = {
			isa = XCBuildConfiguration;
			buildSettings = {
				ALWAYS_SEARCH_USER_PATHS = NO;
				ASSETCATALOG_COMPILER_GENERATE_SWIFT_ASSET_SYMBOL_EXTENSIONS = YES;
				CLANG_ANALYZER_NONNULL = YES;
				CLANG_ANALYZER_NUMBER_OBJECT_CONVERSION = YES_AGGRESSIVE;
				CLANG_CXX_LANGUAGE_STANDARD = "gnu++20";
				CLANG_ENABLE_MODULES = YES;
				CLANG_ENABLE_OBJC_ARC = YES;
				CLANG_ENABLE_OBJC_WEAK = YES;
				CLANG_WARN_BLOCK_CAPTURE_AUTORELEASING = YES;
				CLANG_WARN_BOOL_CONVERSION = YES;
				CLANG_WARN_COMMA = YES;
				CLANG_WARN_CONSTANT_CONVERSION = YES;
				CLANG_WARN_DEPRECATED_OBJC_IMPLEMENTATIONS = YES;
				CLANG_WARN_DIRECT_OBJC_ISA_USAGE = YES_ERROR;
				CLANG_WARN_DOCUMENTATION_COMMENTS = YES;
				CLANG_WARN_EMPTY_BODY = YES;
				CLANG_WARN_ENUM_CONVERSION = YES;
				CLANG_WARN_INFINITE_RECURSION = YES;
				CLANG_WARN_INT_CONVERSION = YES;
				CLANG_WARN_NON_LITERAL_NULL_CONVERSION = YES;
				CLANG_WARN_OBJC_IMPLICIT_RETAIN_SELF = YES;
				CLANG_WARN_OBJC_LITERAL_CONVERSION = YES;
				CLANG_WARN_OBJC_ROOT_CLASS = YES_ERROR;
				CLANG_WARN_QUOTED_INCLUDE_IN_FRAMEWORK_HEADER = YES;
				CLANG_WARN_RANGE_LOOP_ANALYSIS = YES;
				CLANG_WARN_STRICT_PROTOTYPES = YES;
				CLANG_WARN_SUSPICIOUS_MOVE = YES;
				CLANG_WARN_UNGUARDED_AVAILABILITY = YES_AGGRESSIVE;
				CLANG_WARN_UNREACHABLE_CODE = YES;
				CLANG_WARN__DUPLICATE_METHOD_MATCH = YES;
				COPY_PHASE_STRIP = NO;
				DEBUG_INFORMATION_FORMAT = dwarf;
				ENABLE_STRICT_OBJC_MSGSEND = YES;
				ENABLE_TESTABILITY = YES;
				ENABLE_USER_SCRIPT_SANDBOXING = YES;
				GCC_C_LANGUAGE_STANDARD = gnu17;
				GCC_DYNAMIC_NO_PIC = NO;
				GCC_NO_COMMON_BLOCKS = YES;
				GCC_OPTIMIZATION_LEVEL = 0;
				GCC_PREPROCESSOR_DEFINITIONS = (
					"DEBUG=1",
					"$(inherited)",
				);
				GCC_WARN_64_TO_32_BIT_CONVERSION = YES;
				GCC_WARN_ABOUT_RETURN_TYPE = YES_ERROR;
				GCC_WARN_UNDECLARED_SELECTOR = YES;
				GCC_WARN_UNINITIALIZED_AUTOS = YES_AGGRESSIVE;
				GCC_WARN_UNUSED_FUNCTION = YES;
				GCC_WARN_UNUSED_VARIABLE = YES;
				LOCALIZATION_PREFERS_STRING_CATALOGS = YES;
				MACOSX_DEPLOYMENT_TARGET = 14.0;
				MTL_ENABLE_DEBUG_INFO = INCLUDE_SOURCE;
				MTL_FAST_MATH = YES;
				ONLY_ACTIVE_ARCH = YES;
				SDKROOT = macosx;
				SWIFT_ACTIVE_COMPILATION_CONDITIONS = "DEBUG $(inherited)";
				SWIFT_OPTIMIZATION_LEVEL = "-Onone";
			};
			name = Debug;
		};
		41EBEB612B1AA1CC00D2E9A3 /* Release */ = {
			isa = XCBuildConfiguration;
			buildSettings = {
				ALWAYS_SEARCH_USER_PATHS = NO;
				ASSETCATALOG_COMPILER_GENERATE_SWIFT_ASSET_SYMBOL_EXTENSIONS = YES;
				CLANG_ANALYZER_NONNULL = YES;
				CLANG_ANALYZER_NUMBER_OBJECT_CONVERSION = YES_AGGRESSIVE;
				CLANG_CXX_LANGUAGE_STANDARD = "gnu++20";
				CLANG_ENABLE_MODULES = YES;
				CLANG_ENABLE_OBJC_ARC = YES;
				CLANG_ENABLE_OBJC_WEAK = YES;
				CLANG_WARN_BLOCK_CAPTURE_AUTORELEASING = YES;
				CLANG_WARN_BOOL_CONVERSION = YES;
				CLANG_WARN_COMMA = YES;
				CLANG_WARN_CONSTANT_CONVERSION = YES;
				CLANG_WARN_DEPRECATED_OBJC_IMPLEMENTATIONS = YES;
				CLANG_WARN_DIRECT_OBJC_ISA_USAGE = YES_ERROR;
				CLANG_WARN_DOCUMENTATION_COMMENTS = YES;
				CLANG_WARN_EMPTY_BODY = YES;
				CLANG_WARN_ENUM_CONVERSION = YES;
				CLANG_WARN_INFINITE_RECURSION = YES;
				CLANG_WARN_INT_CONVERSION = YES;
				CLANG_WARN_NON_LITERAL_NULL_CONVERSION = YES;
				CLANG_WARN_OBJC_IMPLICIT_RETAIN_SELF = YES;
				CLANG_WARN_OBJC_LITERAL_CONVERSION = YES;
				CLANG_WARN_OBJC_ROOT_CLASS = YES_ERROR;
				CLANG_WARN_QUOTED_INCLUDE_IN_FRAMEWORK_HEADER = YES;
				CLANG_WARN_RANGE_LOOP_ANALYSIS = YES;
				CLANG_WARN_STRICT_PROTOTYPES = YES;
				CLANG_WARN_SUSPICIOUS_MOVE = YES;
				CLANG_WARN_UNGUARDED_AVAILABILITY = YES_AGGRESSIVE;
				CLANG_WARN_UNREACHABLE_CODE = YES;
				CLANG_WARN__DUPLICATE_METHOD_MATCH = YES;
				COPY_PHASE_STRIP = NO;
				DEBUG_INFORMATION_FORMAT = "dwarf-with-dsym";
				ENABLE_NS_ASSERTIONS = NO;
				ENABLE_STRICT_OBJC_MSGSEND = YES;
				ENABLE_USER_SCRIPT_SANDBOXING = YES;
				GCC_C_LANGUAGE_STANDARD = gnu17;
				GCC_NO_COMMON_BLOCKS = YES;
				GCC_WARN_64_TO_32_BIT_CONVERSION = YES;
				GCC_WARN_ABOUT_RETURN_TYPE = YES_ERROR;
				GCC_WARN_UNDECLARED_SELECTOR = YES;
				GCC_WARN_UNINITIALIZED_AUTOS = YES_AGGRESSIVE;
				GCC_WARN_UNUSED_FUNCTION = YES;
				GCC_WARN_UNUSED_VARIABLE = YES;
				LOCALIZATION_PREFERS_STRING_CATALOGS = YES;
				MACOSX_DEPLOYMENT_TARGET = 14.0;
				MTL_ENABLE_DEBUG_INFO = NO;
				MTL_FAST_MATH = YES;
				SDKROOT = macosx;
				SWIFT_COMPILATION_MODE = wholemodule;
			};
			name = Release;
		};
		41EBEB6F2B1AA28C00D2E9A3 /* Debug */ = {
			isa = XCBuildConfiguration;
			buildSettings = {
				CODE_SIGN_STYLE = Automatic;
				PRODUCT_NAME = "$(TARGET_NAME)";
				SWIFT_VERSION = 5.0;
			};
			name = Debug;
		};
		41EBEB702B1AA28C00D2E9A3 /* Release */ = {
			isa = XCBuildConfiguration;
			buildSettings = {
				CODE_SIGN_STYLE = Automatic;
				PRODUCT_NAME = "$(TARGET_NAME)";
				SWIFT_VERSION = 5.0;
			};
			name = Release;
		};
/* End XCBuildConfiguration section */

/* Begin XCConfigurationList section */
		412AE2202B1F34B50086AEED /* Build configuration list for PBXNativeTarget "Day 5" */ = {
			isa = XCConfigurationList;
			buildConfigurations = (
				412AE21E2B1F34B50086AEED /* Debug */,
				412AE21F2B1F34B50086AEED /* Release */,
			);
			defaultConfigurationIsVisible = 0;
			defaultConfigurationName = Release;
		};
		41C7BDD62B1B2B6E002A1F1B /* Build configuration list for PBXNativeTarget "Day 2" */ = {
			isa = XCConfigurationList;
			buildConfigurations = (
				41C7BDD42B1B2B6E002A1F1B /* Debug */,
				41C7BDD52B1B2B6E002A1F1B /* Release */,
			);
			defaultConfigurationIsVisible = 0;
			defaultConfigurationName = Release;
		};
		41C7BDE12B1C8CCE002A1F1B /* Build configuration list for PBXNativeTarget "Day 3" */ = {
			isa = XCConfigurationList;
			buildConfigurations = (
				41C7BDDF2B1C8CCE002A1F1B /* Debug */,
				41C7BDE02B1C8CCE002A1F1B /* Release */,
			);
			defaultConfigurationIsVisible = 0;
			defaultConfigurationName = Release;
		};
		41CA9AEE2B1DD01F00268654 /* Build configuration list for PBXNativeTarget "Day 4" */ = {
			isa = XCConfigurationList;
			buildConfigurations = (
				41CA9AEC2B1DD01F00268654 /* Debug */,
				41CA9AED2B1DD01F00268654 /* Release */,
			);
			defaultConfigurationIsVisible = 0;
			defaultConfigurationName = Release;
		};
		41EBEB562B1AA1CC00D2E9A3 /* Build configuration list for PBXProject "Advent of Code 2023" */ = {
			isa = XCConfigurationList;
			buildConfigurations = (
				41EBEB602B1AA1CC00D2E9A3 /* Debug */,
				41EBEB612B1AA1CC00D2E9A3 /* Release */,
			);
			defaultConfigurationIsVisible = 0;
			defaultConfigurationName = Release;
		};
		41EBEB6E2B1AA28C00D2E9A3 /* Build configuration list for PBXNativeTarget "Day 1" */ = {
			isa = XCConfigurationList;
			buildConfigurations = (
				41EBEB6F2B1AA28C00D2E9A3 /* Debug */,
				41EBEB702B1AA28C00D2E9A3 /* Release */,
			);
			defaultConfigurationIsVisible = 0;
			defaultConfigurationName = Release;
		};
/* End XCConfigurationList section */

/* Begin XCRemoteSwiftPackageReference section */
		416B50CD2B1CF21000C39077 /* XCRemoteSwiftPackageReference "swift-algorithms" */ = {
			isa = XCRemoteSwiftPackageReference;
			repositoryURL = "https://github.com/apple/swift-algorithms.git";
			requirement = {
				kind = upToNextMajorVersion;
				minimumVersion = 1.2.0;
			};
		};
		416B50D02B1CF31000C39077 /* XCRemoteSwiftPackageReference "swift-argument-parser" */ = {
			isa = XCRemoteSwiftPackageReference;
			repositoryURL = "https://github.com/apple/swift-argument-parser.git";
			requirement = {
				kind = upToNextMajorVersion;
				minimumVersion = 1.2.3;
			};
		};
		417964432B201C8C0098A8E9 /* XCRemoteSwiftPackageReference "swift-se0270-range-set" */ = {
			isa = XCRemoteSwiftPackageReference;
			repositoryURL = "https://github.com/apple/swift-se0270-range-set";
			requirement = {
				kind = upToNextMajorVersion;
				minimumVersion = 1.0.1;
			};
		};
/* End XCRemoteSwiftPackageReference section */

/* Begin XCSwiftPackageProductDependency section */
		417964442B201C8C0098A8E9 /* SE0270_RangeSet */ = {
			isa = XCSwiftPackageProductDependency;
			package = 417964432B201C8C0098A8E9 /* XCRemoteSwiftPackageReference "swift-se0270-range-set" */;
			productName = SE0270_RangeSet;
		};
		41CA9AF02B1DD34500268654 /* Algorithms */ = {
			isa = XCSwiftPackageProductDependency;
			package = 416B50CD2B1CF21000C39077 /* XCRemoteSwiftPackageReference "swift-algorithms" */;
			productName = Algorithms;
		};
/* End XCSwiftPackageProductDependency section */
	};
	rootObject = 41EBEB532B1AA1CC00D2E9A3 /* Project object */;
}
