// !$*UTF8*$!
{
	archiveVersion = 1;
	classes = {
	};
	objectVersion = 56;
	objects = {

/* Begin PBXBuildFile section */
		4100679C2B2A67CF00200500 /* main.swift in Sources */ = {isa = PBXBuildFile; fileRef = 4100679B2B2A67CF00200500 /* main.swift */; };
		410067A12B2A6D2B00200500 /* Algorithms in Frameworks */ = {isa = PBXBuildFile; productRef = 410067A02B2A6D2B00200500 /* Algorithms */; };
		410067A92B2A76B700200500 /* main.swift in Sources */ = {isa = PBXBuildFile; fileRef = 410067A82B2A76B700200500 /* main.swift */; };
		412AE21D2B1F34B50086AEED /* main.swift in Sources */ = {isa = PBXBuildFile; fileRef = 412AE21C2B1F34B50086AEED /* main.swift */; };
		417964452B201C8C0098A8E9 /* SE0270_RangeSet in Frameworks */ = {isa = PBXBuildFile; productRef = 417964442B201C8C0098A8E9 /* SE0270_RangeSet */; };
		4193EDCD2B2387CE00C8D67A /* main.swift in Sources */ = {isa = PBXBuildFile; fileRef = 4193EDCC2B2387CE00C8D67A /* main.swift */; };
		4193EDD22B23891D00C8D67A /* Algorithms in Frameworks */ = {isa = PBXBuildFile; productRef = 4193EDD12B23891D00C8D67A /* Algorithms */; };
		4193EDDA2B239BF000C8D67A /* main.swift in Sources */ = {isa = PBXBuildFile; fileRef = 4193EDD92B239BF000C8D67A /* main.swift */; };
		4193EDE52B24872C00C8D67A /* main.swift in Sources */ = {isa = PBXBuildFile; fileRef = 4193EDE42B24872C00C8D67A /* main.swift */; };
		4193EDEB2B24E2AD00C8D67A /* Euler in Frameworks */ = {isa = PBXBuildFile; productRef = 4193EDEA2B24E2AD00C8D67A /* Euler */; };
		4193EDF32B24EDB900C8D67A /* main.swift in Sources */ = {isa = PBXBuildFile; fileRef = 4193EDF22B24EDB900C8D67A /* main.swift */; };
		4193EDFE2B25C74900C8D67A /* main.swift in Sources */ = {isa = PBXBuildFile; fileRef = 4193EDFD2B25C74900C8D67A /* main.swift */; };
		419845652B2BD4F7000E5AA9 /* main.swift in Sources */ = {isa = PBXBuildFile; fileRef = 419845642B2BD4F7000E5AA9 /* main.swift */; };
		419845702B2CBA10000E5AA9 /* main.swift in Sources */ = {isa = PBXBuildFile; fileRef = 4198456F2B2CBA10000E5AA9 /* main.swift */; };
		4198457B2B2D060E000E5AA9 /* main.swift in Sources */ = {isa = PBXBuildFile; fileRef = 4198457A2B2D060E000E5AA9 /* main.swift */; };
		419845812B2D0F3D000E5AA9 /* OrderedCollections in Frameworks */ = {isa = PBXBuildFile; productRef = 419845802B2D0F3D000E5AA9 /* OrderedCollections */; };
		419845892B2D92E0000E5AA9 /* main.swift in Sources */ = {isa = PBXBuildFile; fileRef = 419845882B2D92E0000E5AA9 /* main.swift */; };
		41C7BDD32B1B2B6E002A1F1B /* main.swift in Sources */ = {isa = PBXBuildFile; fileRef = 41C7BDD22B1B2B6E002A1F1B /* main.swift */; };
		41C7BDDE2B1C8CCE002A1F1B /* main.swift in Sources */ = {isa = PBXBuildFile; fileRef = 41C7BDDD2B1C8CCE002A1F1B /* main.swift */; };
		41CA14102B2FB667001AB9FB /* main.swift in Sources */ = {isa = PBXBuildFile; fileRef = 41CA140F2B2FB667001AB9FB /* main.swift */; };
		41CA9AEB2B1DD01F00268654 /* main.swift in Sources */ = {isa = PBXBuildFile; fileRef = 41CA9AEA2B1DD01F00268654 /* main.swift */; };
		41CA9AF12B1DD34500268654 /* Algorithms in Frameworks */ = {isa = PBXBuildFile; productRef = 41CA9AF02B1DD34500268654 /* Algorithms */; };
		41EBEB6D2B1AA28C00D2E9A3 /* main.swift in Sources */ = {isa = PBXBuildFile; fileRef = 41EBEB6C2B1AA28C00D2E9A3 /* main.swift */; };
/* End PBXBuildFile section */

/* Begin PBXCopyFilesBuildPhase section */
		410067972B2A67CF00200500 /* CopyFiles */ = {
			isa = PBXCopyFilesBuildPhase;
			buildActionMask = 2147483647;
			dstPath = /usr/share/man/man1/;
			dstSubfolderSpec = 0;
			files = (
			);
			runOnlyForDeploymentPostprocessing = 1;
		};
		410067A42B2A76B700200500 /* CopyFiles */ = {
			isa = PBXCopyFilesBuildPhase;
			buildActionMask = 2147483647;
			dstPath = /usr/share/man/man1/;
			dstSubfolderSpec = 0;
			files = (
			);
			runOnlyForDeploymentPostprocessing = 1;
		};
		412AE2182B1F34B50086AEED /* CopyFiles */ = {
			isa = PBXCopyFilesBuildPhase;
			buildActionMask = 2147483647;
			dstPath = /usr/share/man/man1/;
			dstSubfolderSpec = 0;
			files = (
			);
			runOnlyForDeploymentPostprocessing = 1;
		};
		4193EDC82B2387CE00C8D67A /* CopyFiles */ = {
			isa = PBXCopyFilesBuildPhase;
			buildActionMask = 2147483647;
			dstPath = /usr/share/man/man1/;
			dstSubfolderSpec = 0;
			files = (
			);
			runOnlyForDeploymentPostprocessing = 1;
		};
		4193EDD52B239BF000C8D67A /* CopyFiles */ = {
			isa = PBXCopyFilesBuildPhase;
			buildActionMask = 2147483647;
			dstPath = /usr/share/man/man1/;
			dstSubfolderSpec = 0;
			files = (
			);
			runOnlyForDeploymentPostprocessing = 1;
		};
		4193EDE02B24872C00C8D67A /* CopyFiles */ = {
			isa = PBXCopyFilesBuildPhase;
			buildActionMask = 2147483647;
			dstPath = /usr/share/man/man1/;
			dstSubfolderSpec = 0;
			files = (
			);
			runOnlyForDeploymentPostprocessing = 1;
		};
		4193EDEE2B24EDB900C8D67A /* CopyFiles */ = {
			isa = PBXCopyFilesBuildPhase;
			buildActionMask = 2147483647;
			dstPath = /usr/share/man/man1/;
			dstSubfolderSpec = 0;
			files = (
			);
			runOnlyForDeploymentPostprocessing = 1;
		};
		4193EDF92B25C74900C8D67A /* CopyFiles */ = {
			isa = PBXCopyFilesBuildPhase;
			buildActionMask = 2147483647;
			dstPath = /usr/share/man/man1/;
			dstSubfolderSpec = 0;
			files = (
			);
			runOnlyForDeploymentPostprocessing = 1;
		};
		419845602B2BD4F7000E5AA9 /* CopyFiles */ = {
			isa = PBXCopyFilesBuildPhase;
			buildActionMask = 2147483647;
			dstPath = /usr/share/man/man1/;
			dstSubfolderSpec = 0;
			files = (
			);
			runOnlyForDeploymentPostprocessing = 1;
		};
		4198456B2B2CBA10000E5AA9 /* CopyFiles */ = {
			isa = PBXCopyFilesBuildPhase;
			buildActionMask = 2147483647;
			dstPath = /usr/share/man/man1/;
			dstSubfolderSpec = 0;
			files = (
			);
			runOnlyForDeploymentPostprocessing = 1;
		};
		419845762B2D060E000E5AA9 /* CopyFiles */ = {
			isa = PBXCopyFilesBuildPhase;
			buildActionMask = 2147483647;
			dstPath = /usr/share/man/man1/;
			dstSubfolderSpec = 0;
			files = (
			);
			runOnlyForDeploymentPostprocessing = 1;
		};
		419845842B2D92E0000E5AA9 /* CopyFiles */ = {
			isa = PBXCopyFilesBuildPhase;
			buildActionMask = 2147483647;
			dstPath = /usr/share/man/man1/;
			dstSubfolderSpec = 0;
			files = (
			);
			runOnlyForDeploymentPostprocessing = 1;
		};
		41C7BDCE2B1B2B6E002A1F1B /* CopyFiles */ = {
			isa = PBXCopyFilesBuildPhase;
			buildActionMask = 2147483647;
			dstPath = /usr/share/man/man1/;
			dstSubfolderSpec = 0;
			files = (
			);
			runOnlyForDeploymentPostprocessing = 1;
		};
		41C7BDD92B1C8CCE002A1F1B /* CopyFiles */ = {
			isa = PBXCopyFilesBuildPhase;
			buildActionMask = 2147483647;
			dstPath = /usr/share/man/man1/;
			dstSubfolderSpec = 0;
			files = (
			);
			runOnlyForDeploymentPostprocessing = 1;
		};
		41CA140B2B2FB667001AB9FB /* CopyFiles */ = {
			isa = PBXCopyFilesBuildPhase;
			buildActionMask = 2147483647;
			dstPath = /usr/share/man/man1/;
			dstSubfolderSpec = 0;
			files = (
			);
			runOnlyForDeploymentPostprocessing = 1;
		};
		41CA9AE62B1DD01F00268654 /* CopyFiles */ = {
			isa = PBXCopyFilesBuildPhase;
			buildActionMask = 2147483647;
			dstPath = /usr/share/man/man1/;
			dstSubfolderSpec = 0;
			files = (
			);
			runOnlyForDeploymentPostprocessing = 1;
		};
		41EBEB682B1AA28C00D2E9A3 /* CopyFiles */ = {
			isa = PBXCopyFilesBuildPhase;
			buildActionMask = 2147483647;
			dstPath = /usr/share/man/man1/;
			dstSubfolderSpec = 0;
			files = (
			);
			runOnlyForDeploymentPostprocessing = 1;
		};
/* End PBXCopyFilesBuildPhase section */

/* Begin PBXFileReference section */
		410067992B2A67CF00200500 /* Day 11 */ = {isa = PBXFileReference; explicitFileType = "compiled.mach-o.executable"; includeInIndex = 0; path = "Day 11"; sourceTree = BUILT_PRODUCTS_DIR; };
		4100679B2B2A67CF00200500 /* main.swift */ = {isa = PBXFileReference; lastKnownFileType = sourcecode.swift; path = main.swift; sourceTree = "<group>"; };
		410067A62B2A76B700200500 /* Day 12 */ = {isa = PBXFileReference; explicitFileType = "compiled.mach-o.executable"; includeInIndex = 0; path = "Day 12"; sourceTree = BUILT_PRODUCTS_DIR; };
		410067A82B2A76B700200500 /* main.swift */ = {isa = PBXFileReference; lastKnownFileType = sourcecode.swift; path = main.swift; sourceTree = "<group>"; };
		412AE21A2B1F34B50086AEED /* Day 5 */ = {isa = PBXFileReference; explicitFileType = "compiled.mach-o.executable"; includeInIndex = 0; path = "Day 5"; sourceTree = BUILT_PRODUCTS_DIR; };
		412AE21C2B1F34B50086AEED /* main.swift */ = {isa = PBXFileReference; lastKnownFileType = sourcecode.swift; path = main.swift; sourceTree = "<group>"; };
		4193EDCA2B2387CE00C8D67A /* Day 6 */ = {isa = PBXFileReference; explicitFileType = "compiled.mach-o.executable"; includeInIndex = 0; path = "Day 6"; sourceTree = BUILT_PRODUCTS_DIR; };
		4193EDCC2B2387CE00C8D67A /* main.swift */ = {isa = PBXFileReference; lastKnownFileType = sourcecode.swift; path = main.swift; sourceTree = "<group>"; };
		4193EDD72B239BF000C8D67A /* Day 7 */ = {isa = PBXFileReference; explicitFileType = "compiled.mach-o.executable"; includeInIndex = 0; path = "Day 7"; sourceTree = BUILT_PRODUCTS_DIR; };
		4193EDD92B239BF000C8D67A /* main.swift */ = {isa = PBXFileReference; lastKnownFileType = sourcecode.swift; path = main.swift; sourceTree = "<group>"; };
		4193EDE22B24872C00C8D67A /* Day 8 */ = {isa = PBXFileReference; explicitFileType = "compiled.mach-o.executable"; includeInIndex = 0; path = "Day 8"; sourceTree = BUILT_PRODUCTS_DIR; };
		4193EDE42B24872C00C8D67A /* main.swift */ = {isa = PBXFileReference; lastKnownFileType = sourcecode.swift; path = main.swift; sourceTree = "<group>"; };
		4193EDF02B24EDB900C8D67A /* Day 9 */ = {isa = PBXFileReference; explicitFileType = "compiled.mach-o.executable"; includeInIndex = 0; path = "Day 9"; sourceTree = BUILT_PRODUCTS_DIR; };
		4193EDF22B24EDB900C8D67A /* main.swift */ = {isa = PBXFileReference; lastKnownFileType = sourcecode.swift; path = main.swift; sourceTree = "<group>"; };
		4193EDFB2B25C74900C8D67A /* Day 10 */ = {isa = PBXFileReference; explicitFileType = "compiled.mach-o.executable"; includeInIndex = 0; path = "Day 10"; sourceTree = BUILT_PRODUCTS_DIR; };
		4193EDFD2B25C74900C8D67A /* main.swift */ = {isa = PBXFileReference; lastKnownFileType = sourcecode.swift; path = main.swift; sourceTree = "<group>"; };
		419845622B2BD4F7000E5AA9 /* Day 13 */ = {isa = PBXFileReference; explicitFileType = "compiled.mach-o.executable"; includeInIndex = 0; path = "Day 13"; sourceTree = BUILT_PRODUCTS_DIR; };
		419845642B2BD4F7000E5AA9 /* main.swift */ = {isa = PBXFileReference; lastKnownFileType = sourcecode.swift; path = main.swift; sourceTree = "<group>"; };
		4198456D2B2CBA10000E5AA9 /* Day 14 */ = {isa = PBXFileReference; explicitFileType = "compiled.mach-o.executable"; includeInIndex = 0; path = "Day 14"; sourceTree = BUILT_PRODUCTS_DIR; };
		4198456F2B2CBA10000E5AA9 /* main.swift */ = {isa = PBXFileReference; lastKnownFileType = sourcecode.swift; path = main.swift; sourceTree = "<group>"; };
		419845782B2D060E000E5AA9 /* Day 15 */ = {isa = PBXFileReference; explicitFileType = "compiled.mach-o.executable"; includeInIndex = 0; path = "Day 15"; sourceTree = BUILT_PRODUCTS_DIR; };
		4198457A2B2D060E000E5AA9 /* main.swift */ = {isa = PBXFileReference; lastKnownFileType = sourcecode.swift; path = main.swift; sourceTree = "<group>"; };
		419845862B2D92E0000E5AA9 /* Day 16 */ = {isa = PBXFileReference; explicitFileType = "compiled.mach-o.executable"; includeInIndex = 0; path = "Day 16"; sourceTree = BUILT_PRODUCTS_DIR; };
		419845882B2D92E0000E5AA9 /* main.swift */ = {isa = PBXFileReference; lastKnownFileType = sourcecode.swift; path = main.swift; sourceTree = "<group>"; };
		41C7BDD02B1B2B6E002A1F1B /* Day 2 */ = {isa = PBXFileReference; explicitFileType = "compiled.mach-o.executable"; includeInIndex = 0; path = "Day 2"; sourceTree = BUILT_PRODUCTS_DIR; };
		41C7BDD22B1B2B6E002A1F1B /* main.swift */ = {isa = PBXFileReference; lastKnownFileType = sourcecode.swift; path = main.swift; sourceTree = "<group>"; };
		41C7BDDB2B1C8CCE002A1F1B /* Day 3 */ = {isa = PBXFileReference; explicitFileType = "compiled.mach-o.executable"; includeInIndex = 0; path = "Day 3"; sourceTree = BUILT_PRODUCTS_DIR; };
		41C7BDDD2B1C8CCE002A1F1B /* main.swift */ = {isa = PBXFileReference; lastKnownFileType = sourcecode.swift; path = main.swift; sourceTree = "<group>"; };
		41CA140D2B2FB667001AB9FB /* Day 17 */ = {isa = PBXFileReference; explicitFileType = "compiled.mach-o.executable"; includeInIndex = 0; path = "Day 17"; sourceTree = BUILT_PRODUCTS_DIR; };
		41CA140F2B2FB667001AB9FB /* main.swift */ = {isa = PBXFileReference; lastKnownFileType = sourcecode.swift; path = main.swift; sourceTree = "<group>"; };
		41CA9AE82B1DD01F00268654 /* Day 4 */ = {isa = PBXFileReference; explicitFileType = "compiled.mach-o.executable"; includeInIndex = 0; path = "Day 4"; sourceTree = BUILT_PRODUCTS_DIR; };
		41CA9AEA2B1DD01F00268654 /* main.swift */ = {isa = PBXFileReference; lastKnownFileType = sourcecode.swift; path = main.swift; sourceTree = "<group>"; };
		41EBEB6A2B1AA28C00D2E9A3 /* Day 1 */ = {isa = PBXFileReference; explicitFileType = "compiled.mach-o.executable"; includeInIndex = 0; path = "Day 1"; sourceTree = BUILT_PRODUCTS_DIR; };
		41EBEB6C2B1AA28C00D2E9A3 /* main.swift */ = {isa = PBXFileReference; lastKnownFileType = sourcecode.swift; path = main.swift; sourceTree = "<group>"; };
/* End PBXFileReference section */

/* Begin PBXFrameworksBuildPhase section */
		410067962B2A67CF00200500 /* Frameworks */ = {
			isa = PBXFrameworksBuildPhase;
			buildActionMask = 2147483647;
			files = (
				410067A12B2A6D2B00200500 /* Algorithms in Frameworks */,
			);
			runOnlyForDeploymentPostprocessing = 0;
		};
		410067A32B2A76B700200500 /* Frameworks */ = {
			isa = PBXFrameworksBuildPhase;
			buildActionMask = 2147483647;
			files = (
			);
			runOnlyForDeploymentPostprocessing = 0;
		};
		412AE2172B1F34B50086AEED /* Frameworks */ = {
			isa = PBXFrameworksBuildPhase;
			buildActionMask = 2147483647;
			files = (
				417964452B201C8C0098A8E9 /* SE0270_RangeSet in Frameworks */,
			);
			runOnlyForDeploymentPostprocessing = 0;
		};
		4193EDC72B2387CE00C8D67A /* Frameworks */ = {
			isa = PBXFrameworksBuildPhase;
			buildActionMask = 2147483647;
			files = (
				4193EDD22B23891D00C8D67A /* Algorithms in Frameworks */,
			);
			runOnlyForDeploymentPostprocessing = 0;
		};
		4193EDD42B239BF000C8D67A /* Frameworks */ = {
			isa = PBXFrameworksBuildPhase;
			buildActionMask = 2147483647;
			files = (
			);
			runOnlyForDeploymentPostprocessing = 0;
		};
		4193EDDF2B24872C00C8D67A /* Frameworks */ = {
			isa = PBXFrameworksBuildPhase;
			buildActionMask = 2147483647;
			files = (
				4193EDEB2B24E2AD00C8D67A /* Euler in Frameworks */,
			);
			runOnlyForDeploymentPostprocessing = 0;
		};
		4193EDED2B24EDB900C8D67A /* Frameworks */ = {
			isa = PBXFrameworksBuildPhase;
			buildActionMask = 2147483647;
			files = (
			);
			runOnlyForDeploymentPostprocessing = 0;
		};
		4193EDF82B25C74900C8D67A /* Frameworks */ = {
			isa = PBXFrameworksBuildPhase;
			buildActionMask = 2147483647;
			files = (
			);
			runOnlyForDeploymentPostprocessing = 0;
		};
		4198455F2B2BD4F7000E5AA9 /* Frameworks */ = {
			isa = PBXFrameworksBuildPhase;
			buildActionMask = 2147483647;
			files = (
			);
			runOnlyForDeploymentPostprocessing = 0;
		};
		4198456A2B2CBA10000E5AA9 /* Frameworks */ = {
			isa = PBXFrameworksBuildPhase;
			buildActionMask = 2147483647;
			files = (
			);
			runOnlyForDeploymentPostprocessing = 0;
		};
		419845752B2D060E000E5AA9 /* Frameworks */ = {
			isa = PBXFrameworksBuildPhase;
			buildActionMask = 2147483647;
			files = (
				419845812B2D0F3D000E5AA9 /* OrderedCollections in Frameworks */,
			);
			runOnlyForDeploymentPostprocessing = 0;
		};
		419845832B2D92E0000E5AA9 /* Frameworks */ = {
			isa = PBXFrameworksBuildPhase;
			buildActionMask = 2147483647;
			files = (
			);
			runOnlyForDeploymentPostprocessing = 0;
		};
		41C7BDCD2B1B2B6E002A1F1B /* Frameworks */ = {
			isa = PBXFrameworksBuildPhase;
			buildActionMask = 2147483647;
			files = (
			);
			runOnlyForDeploymentPostprocessing = 0;
		};
		41C7BDD82B1C8CCE002A1F1B /* Frameworks */ = {
			isa = PBXFrameworksBuildPhase;
			buildActionMask = 2147483647;
			files = (
			);
			runOnlyForDeploymentPostprocessing = 0;
		};
		41CA140A2B2FB667001AB9FB /* Frameworks */ = {
			isa = PBXFrameworksBuildPhase;
			buildActionMask = 2147483647;
			files = (
			);
			runOnlyForDeploymentPostprocessing = 0;
		};
		41CA9AE52B1DD01F00268654 /* Frameworks */ = {
			isa = PBXFrameworksBuildPhase;
			buildActionMask = 2147483647;
			files = (
				41CA9AF12B1DD34500268654 /* Algorithms in Frameworks */,
			);
			runOnlyForDeploymentPostprocessing = 0;
		};
		41EBEB672B1AA28C00D2E9A3 /* Frameworks */ = {
			isa = PBXFrameworksBuildPhase;
			buildActionMask = 2147483647;
			files = (
			);
			runOnlyForDeploymentPostprocessing = 0;
		};
/* End PBXFrameworksBuildPhase section */

/* Begin PBXGroup section */
		4100679A2B2A67CF00200500 /* Day 11 */ = {
			isa = PBXGroup;
			children = (
				4100679B2B2A67CF00200500 /* main.swift */,
			);
			path = "Day 11";
			sourceTree = "<group>";
		};
		410067A72B2A76B700200500 /* Day 12 */ = {
			isa = PBXGroup;
			children = (
				410067A82B2A76B700200500 /* main.swift */,
			);
			path = "Day 12";
			sourceTree = "<group>";
		};
		412AE21B2B1F34B50086AEED /* Day 5 */ = {
			isa = PBXGroup;
			children = (
				412AE21C2B1F34B50086AEED /* main.swift */,
			);
			path = "Day 5";
			sourceTree = "<group>";
		};
		4193EDCB2B2387CE00C8D67A /* Day 6 */ = {
			isa = PBXGroup;
			children = (
				4193EDCC2B2387CE00C8D67A /* main.swift */,
			);
			path = "Day 6";
			sourceTree = "<group>";
		};
		4193EDD82B239BF000C8D67A /* Day 7 */ = {
			isa = PBXGroup;
			children = (
				4193EDD92B239BF000C8D67A /* main.swift */,
			);
			path = "Day 7";
			sourceTree = "<group>";
		};
		4193EDE32B24872C00C8D67A /* Day 8 */ = {
			isa = PBXGroup;
			children = (
				4193EDE42B24872C00C8D67A /* main.swift */,
			);
			path = "Day 8";
			sourceTree = "<group>";
		};
		4193EDF12B24EDB900C8D67A /* Day 9 */ = {
			isa = PBXGroup;
			children = (
				4193EDF22B24EDB900C8D67A /* main.swift */,
			);
			path = "Day 9";
			sourceTree = "<group>";
		};
		4193EDFC2B25C74900C8D67A /* Day 10 */ = {
			isa = PBXGroup;
			children = (
				4193EDFD2B25C74900C8D67A /* main.swift */,
			);
			path = "Day 10";
			sourceTree = "<group>";
		};
		419845632B2BD4F7000E5AA9 /* Day 13 */ = {
			isa = PBXGroup;
			children = (
				419845642B2BD4F7000E5AA9 /* main.swift */,
			);
			path = "Day 13";
			sourceTree = "<group>";
		};
		4198456E2B2CBA10000E5AA9 /* Day 14 */ = {
			isa = PBXGroup;
			children = (
				4198456F2B2CBA10000E5AA9 /* main.swift */,
			);
			path = "Day 14";
			sourceTree = "<group>";
		};
		419845792B2D060E000E5AA9 /* Day 15 */ = {
			isa = PBXGroup;
			children = (
				4198457A2B2D060E000E5AA9 /* main.swift */,
			);
			path = "Day 15";
			sourceTree = "<group>";
		};
		419845872B2D92E0000E5AA9 /* Day 16 */ = {
			isa = PBXGroup;
			children = (
				419845882B2D92E0000E5AA9 /* main.swift */,
			);
			path = "Day 16";
			sourceTree = "<group>";
		};
		41C7BDD12B1B2B6E002A1F1B /* Day 2 */ = {
			isa = PBXGroup;
			children = (
				41C7BDD22B1B2B6E002A1F1B /* main.swift */,
			);
			path = "Day 2";
			sourceTree = "<group>";
		};
		41C7BDDC2B1C8CCE002A1F1B /* Day 3 */ = {
			isa = PBXGroup;
			children = (
				41C7BDDD2B1C8CCE002A1F1B /* main.swift */,
			);
			path = "Day 3";
			sourceTree = "<group>";
		};
		41CA140E2B2FB667001AB9FB /* Day 17 */ = {
			isa = PBXGroup;
			children = (
				41CA140F2B2FB667001AB9FB /* main.swift */,
			);
			path = "Day 17";
			sourceTree = "<group>";
		};
		41CA9AE92B1DD01F00268654 /* Day 4 */ = {
			isa = PBXGroup;
			children = (
				41CA9AEA2B1DD01F00268654 /* main.swift */,
			);
			path = "Day 4";
			sourceTree = "<group>";
		};
		41CA9AEF2B1DD34500268654 /* Frameworks */ = {
			isa = PBXGroup;
			children = (
			);
			name = Frameworks;
			sourceTree = "<group>";
		};
		41EBEB522B1AA1CC00D2E9A3 = {
			isa = PBXGroup;
			children = (
				41EBEB6B2B1AA28C00D2E9A3 /* Day 1 */,
				41C7BDD12B1B2B6E002A1F1B /* Day 2 */,
				41C7BDDC2B1C8CCE002A1F1B /* Day 3 */,
				41CA9AE92B1DD01F00268654 /* Day 4 */,
				412AE21B2B1F34B50086AEED /* Day 5 */,
				4193EDCB2B2387CE00C8D67A /* Day 6 */,
				4193EDD82B239BF000C8D67A /* Day 7 */,
				4193EDE32B24872C00C8D67A /* Day 8 */,
				4193EDF12B24EDB900C8D67A /* Day 9 */,
				4193EDFC2B25C74900C8D67A /* Day 10 */,
				4100679A2B2A67CF00200500 /* Day 11 */,
				410067A72B2A76B700200500 /* Day 12 */,
				419845632B2BD4F7000E5AA9 /* Day 13 */,
				4198456E2B2CBA10000E5AA9 /* Day 14 */,
				419845792B2D060E000E5AA9 /* Day 15 */,
				419845872B2D92E0000E5AA9 /* Day 16 */,
				41CA140E2B2FB667001AB9FB /* Day 17 */,
				41EBEB5C2B1AA1CC00D2E9A3 /* Products */,
				41CA9AEF2B1DD34500268654 /* Frameworks */,
			);
			sourceTree = "<group>";
		};
		41EBEB5C2B1AA1CC00D2E9A3 /* Products */ = {
			isa = PBXGroup;
			children = (
				41EBEB6A2B1AA28C00D2E9A3 /* Day 1 */,
				41C7BDD02B1B2B6E002A1F1B /* Day 2 */,
				41C7BDDB2B1C8CCE002A1F1B /* Day 3 */,
				41CA9AE82B1DD01F00268654 /* Day 4 */,
				412AE21A2B1F34B50086AEED /* Day 5 */,
				4193EDCA2B2387CE00C8D67A /* Day 6 */,
				4193EDD72B239BF000C8D67A /* Day 7 */,
				4193EDE22B24872C00C8D67A /* Day 8 */,
				4193EDF02B24EDB900C8D67A /* Day 9 */,
				4193EDFB2B25C74900C8D67A /* Day 10 */,
				410067992B2A67CF00200500 /* Day 11 */,
				410067A62B2A76B700200500 /* Day 12 */,
				419845622B2BD4F7000E5AA9 /* Day 13 */,
				4198456D2B2CBA10000E5AA9 /* Day 14 */,
				419845782B2D060E000E5AA9 /* Day 15 */,
				419845862B2D92E0000E5AA9 /* Day 16 */,
				41CA140D2B2FB667001AB9FB /* Day 17 */,
			);
			name = Products;
			sourceTree = "<group>";
		};
		41EBEB6B2B1AA28C00D2E9A3 /* Day 1 */ = {
			isa = PBXGroup;
			children = (
				41EBEB6C2B1AA28C00D2E9A3 /* main.swift */,
			);
			path = "Day 1";
			sourceTree = "<group>";
		};
/* End PBXGroup section */

/* Begin PBXNativeTarget section */
		410067982B2A67CF00200500 /* Day 11 */ = {
			isa = PBXNativeTarget;
			buildConfigurationList = 4100679F2B2A67CF00200500 /* Build configuration list for PBXNativeTarget "Day 11" */;
			buildPhases = (
				410067952B2A67CF00200500 /* Sources */,
				410067962B2A67CF00200500 /* Frameworks */,
				410067972B2A67CF00200500 /* CopyFiles */,
			);
			buildRules = (
			);
			dependencies = (
			);
			name = "Day 11";
			packageProductDependencies = (
				410067A02B2A6D2B00200500 /* Algorithms */,
			);
			productName = "Day 11";
			productReference = 410067992B2A67CF00200500 /* Day 11 */;
			productType = "com.apple.product-type.tool";
		};
		410067A52B2A76B700200500 /* Day 12 */ = {
			isa = PBXNativeTarget;
			buildConfigurationList = 410067AA2B2A76B700200500 /* Build configuration list for PBXNativeTarget "Day 12" */;
			buildPhases = (
				410067A22B2A76B700200500 /* Sources */,
				410067A32B2A76B700200500 /* Frameworks */,
				410067A42B2A76B700200500 /* CopyFiles */,
			);
			buildRules = (
			);
			dependencies = (
			);
			name = "Day 12";
			productName = "Day 12";
			productReference = 410067A62B2A76B700200500 /* Day 12 */;
			productType = "com.apple.product-type.tool";
		};
		412AE2192B1F34B50086AEED /* Day 5 */ = {
			isa = PBXNativeTarget;
			buildConfigurationList = 412AE2202B1F34B50086AEED /* Build configuration list for PBXNativeTarget "Day 5" */;
			buildPhases = (
				412AE2162B1F34B50086AEED /* Sources */,
				412AE2172B1F34B50086AEED /* Frameworks */,
				412AE2182B1F34B50086AEED /* CopyFiles */,
			);
			buildRules = (
			);
			dependencies = (
			);
			name = "Day 5";
			packageProductDependencies = (
				417964442B201C8C0098A8E9 /* SE0270_RangeSet */,
			);
			productName = "Day 5";
			productReference = 412AE21A2B1F34B50086AEED /* Day 5 */;
			productType = "com.apple.product-type.tool";
		};
		4193EDC92B2387CE00C8D67A /* Day 6 */ = {
			isa = PBXNativeTarget;
			buildConfigurationList = 4193EDCE2B2387CE00C8D67A /* Build configuration list for PBXNativeTarget "Day 6" */;
			buildPhases = (
				4193EDC62B2387CE00C8D67A /* Sources */,
				4193EDC72B2387CE00C8D67A /* Frameworks */,
				4193EDC82B2387CE00C8D67A /* CopyFiles */,
			);
			buildRules = (
			);
			dependencies = (
			);
			name = "Day 6";
			packageProductDependencies = (
				4193EDD12B23891D00C8D67A /* Algorithms */,
			);
			productName = "Day 6";
			productReference = 4193EDCA2B2387CE00C8D67A /* Day 6 */;
			productType = "com.apple.product-type.tool";
		};
		4193EDD62B239BF000C8D67A /* Day 7 */ = {
			isa = PBXNativeTarget;
			buildConfigurationList = 4193EDDD2B239BF000C8D67A /* Build configuration list for PBXNativeTarget "Day 7" */;
			buildPhases = (
				4193EDD32B239BF000C8D67A /* Sources */,
				4193EDD42B239BF000C8D67A /* Frameworks */,
				4193EDD52B239BF000C8D67A /* CopyFiles */,
			);
			buildRules = (
			);
			dependencies = (
			);
			name = "Day 7";
			productName = "Day 7";
			productReference = 4193EDD72B239BF000C8D67A /* Day 7 */;
			productType = "com.apple.product-type.tool";
		};
		4193EDE12B24872C00C8D67A /* Day 8 */ = {
			isa = PBXNativeTarget;
			buildConfigurationList = 4193EDE62B24872C00C8D67A /* Build configuration list for PBXNativeTarget "Day 8" */;
			buildPhases = (
				4193EDDE2B24872C00C8D67A /* Sources */,
				4193EDDF2B24872C00C8D67A /* Frameworks */,
				4193EDE02B24872C00C8D67A /* CopyFiles */,
			);
			buildRules = (
			);
			dependencies = (
			);
			name = "Day 8";
			packageProductDependencies = (
				4193EDEA2B24E2AD00C8D67A /* Euler */,
			);
			productName = "Day 8";
			productReference = 4193EDE22B24872C00C8D67A /* Day 8 */;
			productType = "com.apple.product-type.tool";
		};
		4193EDEF2B24EDB900C8D67A /* Day 9 */ = {
			isa = PBXNativeTarget;
			buildConfigurationList = 4193EDF42B24EDB900C8D67A /* Build configuration list for PBXNativeTarget "Day 9" */;
			buildPhases = (
				4193EDEC2B24EDB900C8D67A /* Sources */,
				4193EDED2B24EDB900C8D67A /* Frameworks */,
				4193EDEE2B24EDB900C8D67A /* CopyFiles */,
			);
			buildRules = (
			);
			dependencies = (
			);
			name = "Day 9";
			productName = "Day 9";
			productReference = 4193EDF02B24EDB900C8D67A /* Day 9 */;
			productType = "com.apple.product-type.tool";
		};
		4193EDFA2B25C74900C8D67A /* Day 10 */ = {
			isa = PBXNativeTarget;
			buildConfigurationList = 4193EDFF2B25C74900C8D67A /* Build configuration list for PBXNativeTarget "Day 10" */;
			buildPhases = (
				4193EDF72B25C74900C8D67A /* Sources */,
				4193EDF82B25C74900C8D67A /* Frameworks */,
				4193EDF92B25C74900C8D67A /* CopyFiles */,
			);
			buildRules = (
			);
			dependencies = (
			);
			name = "Day 10";
			productName = "Day 10";
			productReference = 4193EDFB2B25C74900C8D67A /* Day 10 */;
			productType = "com.apple.product-type.tool";
		};
		419845612B2BD4F7000E5AA9 /* Day 13 */ = {
			isa = PBXNativeTarget;
			buildConfigurationList = 419845682B2BD4F7000E5AA9 /* Build configuration list for PBXNativeTarget "Day 13" */;
			buildPhases = (
				4198455E2B2BD4F7000E5AA9 /* Sources */,
				4198455F2B2BD4F7000E5AA9 /* Frameworks */,
				419845602B2BD4F7000E5AA9 /* CopyFiles */,
			);
			buildRules = (
			);
			dependencies = (
			);
			name = "Day 13";
			productName = "Day 13";
			productReference = 419845622B2BD4F7000E5AA9 /* Day 13 */;
			productType = "com.apple.product-type.tool";
		};
		4198456C2B2CBA10000E5AA9 /* Day 14 */ = {
			isa = PBXNativeTarget;
			buildConfigurationList = 419845712B2CBA10000E5AA9 /* Build configuration list for PBXNativeTarget "Day 14" */;
			buildPhases = (
				419845692B2CBA10000E5AA9 /* Sources */,
				4198456A2B2CBA10000E5AA9 /* Frameworks */,
				4198456B2B2CBA10000E5AA9 /* CopyFiles */,
			);
			buildRules = (
			);
			dependencies = (
			);
			name = "Day 14";
			productName = "Day 14";
			productReference = 4198456D2B2CBA10000E5AA9 /* Day 14 */;
			productType = "com.apple.product-type.tool";
		};
		419845772B2D060E000E5AA9 /* Day 15 */ = {
			isa = PBXNativeTarget;
			buildConfigurationList = 4198457C2B2D060E000E5AA9 /* Build configuration list for PBXNativeTarget "Day 15" */;
			buildPhases = (
				419845742B2D060E000E5AA9 /* Sources */,
				419845752B2D060E000E5AA9 /* Frameworks */,
				419845762B2D060E000E5AA9 /* CopyFiles */,
			);
			buildRules = (
			);
			dependencies = (
			);
			name = "Day 15";
			packageProductDependencies = (
				419845802B2D0F3D000E5AA9 /* OrderedCollections */,
			);
			productName = "Day 15";
			productReference = 419845782B2D060E000E5AA9 /* Day 15 */;
			productType = "com.apple.product-type.tool";
		};
		419845852B2D92E0000E5AA9 /* Day 16 */ = {
			isa = PBXNativeTarget;
			buildConfigurationList = 4198458A2B2D92E0000E5AA9 /* Build configuration list for PBXNativeTarget "Day 16" */;
			buildPhases = (
				419845822B2D92E0000E5AA9 /* Sources */,
				419845832B2D92E0000E5AA9 /* Frameworks */,
				419845842B2D92E0000E5AA9 /* CopyFiles */,
			);
			buildRules = (
			);
			dependencies = (
			);
			name = "Day 16";
			productName = "Day 16";
			productReference = 419845862B2D92E0000E5AA9 /* Day 16 */;
			productType = "com.apple.product-type.tool";
		};
		41C7BDCF2B1B2B6E002A1F1B /* Day 2 */ = {
			isa = PBXNativeTarget;
			buildConfigurationList = 41C7BDD62B1B2B6E002A1F1B /* Build configuration list for PBXNativeTarget "Day 2" */;
			buildPhases = (
				41C7BDCC2B1B2B6E002A1F1B /* Sources */,
				41C7BDCD2B1B2B6E002A1F1B /* Frameworks */,
				41C7BDCE2B1B2B6E002A1F1B /* CopyFiles */,
			);
			buildRules = (
			);
			dependencies = (
			);
			name = "Day 2";
			productName = "Day 2";
			productReference = 41C7BDD02B1B2B6E002A1F1B /* Day 2 */;
			productType = "com.apple.product-type.tool";
		};
		41C7BDDA2B1C8CCE002A1F1B /* Day 3 */ = {
			isa = PBXNativeTarget;
			buildConfigurationList = 41C7BDE12B1C8CCE002A1F1B /* Build configuration list for PBXNativeTarget "Day 3" */;
			buildPhases = (
				41C7BDD72B1C8CCE002A1F1B /* Sources */,
				41C7BDD82B1C8CCE002A1F1B /* Frameworks */,
				41C7BDD92B1C8CCE002A1F1B /* CopyFiles */,
			);
			buildRules = (
			);
			dependencies = (
			);
			name = "Day 3";
			packageProductDependencies = (
			);
			productName = "Day 3";
			productReference = 41C7BDDB2B1C8CCE002A1F1B /* Day 3 */;
			productType = "com.apple.product-type.tool";
		};
		41CA140C2B2FB667001AB9FB /* Day 17 */ = {
			isa = PBXNativeTarget;
			buildConfigurationList = 41CA14132B2FB667001AB9FB /* Build configuration list for PBXNativeTarget "Day 17" */;
			buildPhases = (
				41CA14092B2FB667001AB9FB /* Sources */,
				41CA140A2B2FB667001AB9FB /* Frameworks */,
				41CA140B2B2FB667001AB9FB /* CopyFiles */,
			);
			buildRules = (
			);
			dependencies = (
			);
			name = "Day 17";
			productName = "Day 17";
			productReference = 41CA140D2B2FB667001AB9FB /* Day 17 */;
			productType = "com.apple.product-type.tool";
		};
		41CA9AE72B1DD01F00268654 /* Day 4 */ = {
			isa = PBXNativeTarget;
			buildConfigurationList = 41CA9AEE2B1DD01F00268654 /* Build configuration list for PBXNativeTarget "Day 4" */;
			buildPhases = (
				41CA9AE42B1DD01F00268654 /* Sources */,
				41CA9AE52B1DD01F00268654 /* Frameworks */,
				41CA9AE62B1DD01F00268654 /* CopyFiles */,
			);
			buildRules = (
			);
			dependencies = (
			);
			name = "Day 4";
			packageProductDependencies = (
				41CA9AF02B1DD34500268654 /* Algorithms */,
			);
			productName = "Day 4";
			productReference = 41CA9AE82B1DD01F00268654 /* Day 4 */;
			productType = "com.apple.product-type.tool";
		};
		41EBEB692B1AA28C00D2E9A3 /* Day 1 */ = {
			isa = PBXNativeTarget;
			buildConfigurationList = 41EBEB6E2B1AA28C00D2E9A3 /* Build configuration list for PBXNativeTarget "Day 1" */;
			buildPhases = (
				41EBEB662B1AA28C00D2E9A3 /* Sources */,
				41EBEB672B1AA28C00D2E9A3 /* Frameworks */,
				41EBEB682B1AA28C00D2E9A3 /* CopyFiles */,
			);
			buildRules = (
			);
			dependencies = (
			);
			name = "Day 1";
			productName = "Day 1";
			productReference = 41EBEB6A2B1AA28C00D2E9A3 /* Day 1 */;
			productType = "com.apple.product-type.tool";
		};
/* End PBXNativeTarget section */

/* Begin PBXProject section */
		41EBEB532B1AA1CC00D2E9A3 /* Project object */ = {
			isa = PBXProject;
			attributes = {
				BuildIndependentTargetsInParallel = 1;
				LastSwiftUpdateCheck = 1510;
				LastUpgradeCheck = 1510;
				TargetAttributes = {
					410067982B2A67CF00200500 = {
						CreatedOnToolsVersion = 15.1;
					};
					410067A52B2A76B700200500 = {
						CreatedOnToolsVersion = 15.1;
					};
					412AE2192B1F34B50086AEED = {
						CreatedOnToolsVersion = 15.0.1;
					};
					4193EDC92B2387CE00C8D67A = {
						CreatedOnToolsVersion = 15.0.1;
					};
					4193EDD62B239BF000C8D67A = {
						CreatedOnToolsVersion = 15.0.1;
					};
					4193EDE12B24872C00C8D67A = {
						CreatedOnToolsVersion = 15.0.1;
					};
					4193EDEF2B24EDB900C8D67A = {
						CreatedOnToolsVersion = 15.0.1;
					};
					4193EDFA2B25C74900C8D67A = {
						CreatedOnToolsVersion = 15.0.1;
					};
					419845612B2BD4F7000E5AA9 = {
						CreatedOnToolsVersion = 15.1;
					};
					4198456C2B2CBA10000E5AA9 = {
						CreatedOnToolsVersion = 15.1;
					};
					419845772B2D060E000E5AA9 = {
						CreatedOnToolsVersion = 15.1;
					};
					419845852B2D92E0000E5AA9 = {
						CreatedOnToolsVersion = 15.1;
					};
					41C7BDCF2B1B2B6E002A1F1B = {
						CreatedOnToolsVersion = 15.0.1;
					};
					41C7BDDA2B1C8CCE002A1F1B = {
						CreatedOnToolsVersion = 15.0.1;
					};
					41CA140C2B2FB667001AB9FB = {
						CreatedOnToolsVersion = 15.1;
					};
					41CA9AE72B1DD01F00268654 = {
						CreatedOnToolsVersion = 15.0.1;
					};
					41EBEB692B1AA28C00D2E9A3 = {
						CreatedOnToolsVersion = 15.0.1;
					};
				};
			};
			buildConfigurationList = 41EBEB562B1AA1CC00D2E9A3 /* Build configuration list for PBXProject "Advent of Code 2023" */;
			compatibilityVersion = "Xcode 14.0";
			developmentRegion = en;
			hasScannedForEncodings = 0;
			knownRegions = (
				en,
				Base,
			);
			mainGroup = 41EBEB522B1AA1CC00D2E9A3;
			packageReferences = (
				416B50CD2B1CF21000C39077 /* XCRemoteSwiftPackageReference "swift-algorithms" */,
				416B50D02B1CF31000C39077 /* XCRemoteSwiftPackageReference "swift-argument-parser" */,
				417964432B201C8C0098A8E9 /* XCRemoteSwiftPackageReference "swift-se0270-range-set" */,
				4193EDE92B24E2AD00C8D67A /* XCRemoteSwiftPackageReference "Euler" */,
				4198457F2B2D0F21000E5AA9 /* XCRemoteSwiftPackageReference "swift-collections" */,
			);
			productRefGroup = 41EBEB5C2B1AA1CC00D2E9A3 /* Products */;
			projectDirPath = "";
			projectRoot = "";
			targets = (
				41EBEB692B1AA28C00D2E9A3 /* Day 1 */,
				41C7BDCF2B1B2B6E002A1F1B /* Day 2 */,
				41C7BDDA2B1C8CCE002A1F1B /* Day 3 */,
				41CA9AE72B1DD01F00268654 /* Day 4 */,
				412AE2192B1F34B50086AEED /* Day 5 */,
				4193EDC92B2387CE00C8D67A /* Day 6 */,
				4193EDD62B239BF000C8D67A /* Day 7 */,
				4193EDE12B24872C00C8D67A /* Day 8 */,
				4193EDEF2B24EDB900C8D67A /* Day 9 */,
				4193EDFA2B25C74900C8D67A /* Day 10 */,
				410067982B2A67CF00200500 /* Day 11 */,
				410067A52B2A76B700200500 /* Day 12 */,
				419845612B2BD4F7000E5AA9 /* Day 13 */,
				4198456C2B2CBA10000E5AA9 /* Day 14 */,
				419845772B2D060E000E5AA9 /* Day 15 */,
				419845852B2D92E0000E5AA9 /* Day 16 */,
				41CA140C2B2FB667001AB9FB /* Day 17 */,
			);
		};
/* End PBXProject section */

/* Begin PBXSourcesBuildPhase section */
		410067952B2A67CF00200500 /* Sources */ = {
			isa = PBXSourcesBuildPhase;
			buildActionMask = 2147483647;
			files = (
				4100679C2B2A67CF00200500 /* main.swift in Sources */,
			);
			runOnlyForDeploymentPostprocessing = 0;
		};
		410067A22B2A76B700200500 /* Sources */ = {
			isa = PBXSourcesBuildPhase;
			buildActionMask = 2147483647;
			files = (
				410067A92B2A76B700200500 /* main.swift in Sources */,
			);
			runOnlyForDeploymentPostprocessing = 0;
		};
		412AE2162B1F34B50086AEED /* Sources */ = {
			isa = PBXSourcesBuildPhase;
			buildActionMask = 2147483647;
			files = (
				412AE21D2B1F34B50086AEED /* main.swift in Sources */,
			);
			runOnlyForDeploymentPostprocessing = 0;
		};
		4193EDC62B2387CE00C8D67A /* Sources */ = {
			isa = PBXSourcesBuildPhase;
			buildActionMask = 2147483647;
			files = (
				4193EDCD2B2387CE00C8D67A /* main.swift in Sources */,
			);
			runOnlyForDeploymentPostprocessing = 0;
		};
		4193EDD32B239BF000C8D67A /* Sources */ = {
			isa = PBXSourcesBuildPhase;
			buildActionMask = 2147483647;
			files = (
				4193EDDA2B239BF000C8D67A /* main.swift in Sources */,
			);
			runOnlyForDeploymentPostprocessing = 0;
		};
		4193EDDE2B24872C00C8D67A /* Sources */ = {
			isa = PBXSourcesBuildPhase;
			buildActionMask = 2147483647;
			files = (
				4193EDE52B24872C00C8D67A /* main.swift in Sources */,
			);
			runOnlyForDeploymentPostprocessing = 0;
		};
		4193EDEC2B24EDB900C8D67A /* Sources */ = {
			isa = PBXSourcesBuildPhase;
			buildActionMask = 2147483647;
			files = (
				4193EDF32B24EDB900C8D67A /* main.swift in Sources */,
			);
			runOnlyForDeploymentPostprocessing = 0;
		};
		4193EDF72B25C74900C8D67A /* Sources */ = {
			isa = PBXSourcesBuildPhase;
			buildActionMask = 2147483647;
			files = (
				4193EDFE2B25C74900C8D67A /* main.swift in Sources */,
			);
			runOnlyForDeploymentPostprocessing = 0;
		};
		4198455E2B2BD4F7000E5AA9 /* Sources */ = {
			isa = PBXSourcesBuildPhase;
			buildActionMask = 2147483647;
			files = (
				419845652B2BD4F7000E5AA9 /* main.swift in Sources */,
			);
			runOnlyForDeploymentPostprocessing = 0;
		};
		419845692B2CBA10000E5AA9 /* Sources */ = {
			isa = PBXSourcesBuildPhase;
			buildActionMask = 2147483647;
			files = (
				419845702B2CBA10000E5AA9 /* main.swift in Sources */,
			);
			runOnlyForDeploymentPostprocessing = 0;
		};
		419845742B2D060E000E5AA9 /* Sources */ = {
			isa = PBXSourcesBuildPhase;
			buildActionMask = 2147483647;
			files = (
				4198457B2B2D060E000E5AA9 /* main.swift in Sources */,
			);
			runOnlyForDeploymentPostprocessing = 0;
		};
		419845822B2D92E0000E5AA9 /* Sources */ = {
			isa = PBXSourcesBuildPhase;
			buildActionMask = 2147483647;
			files = (
				419845892B2D92E0000E5AA9 /* main.swift in Sources */,
			);
			runOnlyForDeploymentPostprocessing = 0;
		};
		41C7BDCC2B1B2B6E002A1F1B /* Sources */ = {
			isa = PBXSourcesBuildPhase;
			buildActionMask = 2147483647;
			files = (
				41C7BDD32B1B2B6E002A1F1B /* main.swift in Sources */,
			);
			runOnlyForDeploymentPostprocessing = 0;
		};
		41C7BDD72B1C8CCE002A1F1B /* Sources */ = {
			isa = PBXSourcesBuildPhase;
			buildActionMask = 2147483647;
			files = (
				41C7BDDE2B1C8CCE002A1F1B /* main.swift in Sources */,
			);
			runOnlyForDeploymentPostprocessing = 0;
		};
		41CA14092B2FB667001AB9FB /* Sources */ = {
			isa = PBXSourcesBuildPhase;
			buildActionMask = 2147483647;
			files = (
				41CA14102B2FB667001AB9FB /* main.swift in Sources */,
			);
			runOnlyForDeploymentPostprocessing = 0;
		};
		41CA9AE42B1DD01F00268654 /* Sources */ = {
			isa = PBXSourcesBuildPhase;
			buildActionMask = 2147483647;
			files = (
				41CA9AEB2B1DD01F00268654 /* main.swift in Sources */,
			);
			runOnlyForDeploymentPostprocessing = 0;
		};
		41EBEB662B1AA28C00D2E9A3 /* Sources */ = {
			isa = PBXSourcesBuildPhase;
			buildActionMask = 2147483647;
			files = (
				41EBEB6D2B1AA28C00D2E9A3 /* main.swift in Sources */,
			);
			runOnlyForDeploymentPostprocessing = 0;
		};
/* End PBXSourcesBuildPhase section */

/* Begin XCBuildConfiguration section */
		4100679D2B2A67CF00200500 /* Debug */ = {
			isa = XCBuildConfiguration;
			buildSettings = {
				CODE_SIGN_STYLE = Automatic;
				DEAD_CODE_STRIPPING = YES;
				MACOSX_DEPLOYMENT_TARGET = 14.2;
				PRODUCT_NAME = "$(TARGET_NAME)";
				SWIFT_VERSION = 5.0;
			};
			name = Debug;
		};
		4100679E2B2A67CF00200500 /* Release */ = {
			isa = XCBuildConfiguration;
			buildSettings = {
				CODE_SIGN_STYLE = Automatic;
				DEAD_CODE_STRIPPING = YES;
				MACOSX_DEPLOYMENT_TARGET = 14.2;
				PRODUCT_NAME = "$(TARGET_NAME)";
				SWIFT_VERSION = 5.0;
			};
			name = Release;
		};
		410067AB2B2A76B700200500 /* Debug */ = {
			isa = XCBuildConfiguration;
			buildSettings = {
				CODE_SIGN_STYLE = Automatic;
				DEAD_CODE_STRIPPING = YES;
				MACOSX_DEPLOYMENT_TARGET = 14.2;
				PRODUCT_NAME = "$(TARGET_NAME)";
				SWIFT_VERSION = 5.0;
			};
			name = Debug;
		};
		410067AC2B2A76B700200500 /* Release */ = {
			isa = XCBuildConfiguration;
			buildSettings = {
				CODE_SIGN_STYLE = Automatic;
				DEAD_CODE_STRIPPING = YES;
				MACOSX_DEPLOYMENT_TARGET = 14.2;
				PRODUCT_NAME = "$(TARGET_NAME)";
				SWIFT_VERSION = 5.0;
			};
			name = Release;
		};
		412AE21E2B1F34B50086AEED /* Debug */ = {
			isa = XCBuildConfiguration;
			buildSettings = {
				CODE_SIGN_STYLE = Automatic;
				DEAD_CODE_STRIPPING = YES;
				PRODUCT_NAME = "$(TARGET_NAME)";
				SWIFT_VERSION = 5.0;
			};
			name = Debug;
		};
		412AE21F2B1F34B50086AEED /* Release */ = {
			isa = XCBuildConfiguration;
			buildSettings = {
				CODE_SIGN_STYLE = Automatic;
				DEAD_CODE_STRIPPING = YES;
				PRODUCT_NAME = "$(TARGET_NAME)";
				SWIFT_VERSION = 5.0;
			};
			name = Release;
		};
		4193EDCF2B2387CE00C8D67A /* Debug */ = {
			isa = XCBuildConfiguration;
			buildSettings = {
				CODE_SIGN_STYLE = Automatic;
				DEAD_CODE_STRIPPING = YES;
				PRODUCT_NAME = "$(TARGET_NAME)";
				SWIFT_VERSION = 5.0;
			};
			name = Debug;
		};
		4193EDD02B2387CE00C8D67A /* Release */ = {
			isa = XCBuildConfiguration;
			buildSettings = {
				CODE_SIGN_STYLE = Automatic;
				DEAD_CODE_STRIPPING = YES;
				PRODUCT_NAME = "$(TARGET_NAME)";
				SWIFT_VERSION = 5.0;
			};
			name = Release;
		};
		4193EDDB2B239BF000C8D67A /* Debug */ = {
			isa = XCBuildConfiguration;
			buildSettings = {
				CODE_SIGN_STYLE = Automatic;
				DEAD_CODE_STRIPPING = YES;
				PRODUCT_NAME = "$(TARGET_NAME)";
				SWIFT_VERSION = 5.0;
			};
			name = Debug;
		};
		4193EDDC2B239BF000C8D67A /* Release */ = {
			isa = XCBuildConfiguration;
			buildSettings = {
				CODE_SIGN_STYLE = Automatic;
				DEAD_CODE_STRIPPING = YES;
				PRODUCT_NAME = "$(TARGET_NAME)";
				SWIFT_VERSION = 5.0;
			};
			name = Release;
		};
		4193EDE72B24872C00C8D67A /* Debug */ = {
			isa = XCBuildConfiguration;
			buildSettings = {
				CODE_SIGN_STYLE = Automatic;
				DEAD_CODE_STRIPPING = YES;
				PRODUCT_NAME = "$(TARGET_NAME)";
				SWIFT_VERSION = 5.0;
			};
			name = Debug;
		};
		4193EDE82B24872C00C8D67A /* Release */ = {
			isa = XCBuildConfiguration;
			buildSettings = {
				CODE_SIGN_STYLE = Automatic;
				DEAD_CODE_STRIPPING = YES;
				PRODUCT_NAME = "$(TARGET_NAME)";
				SWIFT_VERSION = 5.0;
			};
			name = Release;
		};
		4193EDF52B24EDB900C8D67A /* Debug */ = {
			isa = XCBuildConfiguration;
			buildSettings = {
				CODE_SIGN_STYLE = Automatic;
				DEAD_CODE_STRIPPING = YES;
				PRODUCT_NAME = "$(TARGET_NAME)";
				SWIFT_VERSION = 5.0;
			};
			name = Debug;
		};
		4193EDF62B24EDB900C8D67A /* Release */ = {
			isa = XCBuildConfiguration;
			buildSettings = {
				CODE_SIGN_STYLE = Automatic;
				DEAD_CODE_STRIPPING = YES;
				PRODUCT_NAME = "$(TARGET_NAME)";
				SWIFT_VERSION = 5.0;
			};
			name = Release;
		};
		4193EE002B25C74900C8D67A /* Debug */ = {
			isa = XCBuildConfiguration;
			buildSettings = {
				CODE_SIGN_STYLE = Automatic;
				DEAD_CODE_STRIPPING = YES;
				PRODUCT_NAME = "$(TARGET_NAME)";
				SWIFT_VERSION = 5.0;
			};
			name = Debug;
		};
		4193EE012B25C74900C8D67A /* Release */ = {
			isa = XCBuildConfiguration;
			buildSettings = {
				CODE_SIGN_STYLE = Automatic;
				DEAD_CODE_STRIPPING = YES;
				PRODUCT_NAME = "$(TARGET_NAME)";
				SWIFT_VERSION = 5.0;
			};
			name = Release;
		};
		419845662B2BD4F7000E5AA9 /* Debug */ = {
			isa = XCBuildConfiguration;
			buildSettings = {
				CODE_SIGN_STYLE = Automatic;
				MACOSX_DEPLOYMENT_TARGET = 14.2;
				PRODUCT_NAME = "$(TARGET_NAME)";
				SWIFT_VERSION = 5.0;
			};
			name = Debug;
		};
		419845672B2BD4F7000E5AA9 /* Release */ = {
			isa = XCBuildConfiguration;
			buildSettings = {
				CODE_SIGN_STYLE = Automatic;
				MACOSX_DEPLOYMENT_TARGET = 14.2;
				PRODUCT_NAME = "$(TARGET_NAME)";
				SWIFT_VERSION = 5.0;
			};
			name = Release;
		};
		419845722B2CBA10000E5AA9 /* Debug */ = {
			isa = XCBuildConfiguration;
			buildSettings = {
				CODE_SIGN_STYLE = Automatic;
				MACOSX_DEPLOYMENT_TARGET = 14.2;
				PRODUCT_NAME = "$(TARGET_NAME)";
				SWIFT_VERSION = 5.0;
			};
			name = Debug;
		};
		419845732B2CBA10000E5AA9 /* Release */ = {
			isa = XCBuildConfiguration;
			buildSettings = {
				CODE_SIGN_STYLE = Automatic;
				MACOSX_DEPLOYMENT_TARGET = 14.2;
				PRODUCT_NAME = "$(TARGET_NAME)";
				SWIFT_VERSION = 5.0;
			};
			name = Release;
		};
		4198457D2B2D060E000E5AA9 /* Debug */ = {
			isa = XCBuildConfiguration;
			buildSettings = {
				CODE_SIGN_STYLE = Automatic;
				MACOSX_DEPLOYMENT_TARGET = 14.2;
				PRODUCT_NAME = "$(TARGET_NAME)";
				SWIFT_VERSION = 5.0;
			};
			name = Debug;
		};
		4198457E2B2D060E000E5AA9 /* Release */ = {
			isa = XCBuildConfiguration;
			buildSettings = {
				CODE_SIGN_STYLE = Automatic;
				MACOSX_DEPLOYMENT_TARGET = 14.2;
				PRODUCT_NAME = "$(TARGET_NAME)";
				SWIFT_VERSION = 5.0;
			};
			name = Release;
		};
		4198458B2B2D92E0000E5AA9 /* Debug */ = {
			isa = XCBuildConfiguration;
			buildSettings = {
				CODE_SIGN_STYLE = Automatic;
				MACOSX_DEPLOYMENT_TARGET = 14.2;
				PRODUCT_NAME = "$(TARGET_NAME)";
				SWIFT_VERSION = 5.0;
			};
			name = Debug;
		};
		4198458C2B2D92E0000E5AA9 /* Release */ = {
			isa = XCBuildConfiguration;
			buildSettings = {
				CODE_SIGN_STYLE = Automatic;
				MACOSX_DEPLOYMENT_TARGET = 14.2;
				PRODUCT_NAME = "$(TARGET_NAME)";
				SWIFT_VERSION = 5.0;
			};
			name = Release;
		};
		41C7BDD42B1B2B6E002A1F1B /* Debug */ = {
			isa = XCBuildConfiguration;
			buildSettings = {
				CODE_SIGN_STYLE = Automatic;
				DEAD_CODE_STRIPPING = YES;
				PRODUCT_NAME = "$(TARGET_NAME)";
				SWIFT_VERSION = 5.0;
			};
			name = Debug;
		};
		41C7BDD52B1B2B6E002A1F1B /* Release */ = {
			isa = XCBuildConfiguration;
			buildSettings = {
				CODE_SIGN_STYLE = Automatic;
				DEAD_CODE_STRIPPING = YES;
				PRODUCT_NAME = "$(TARGET_NAME)";
				SWIFT_VERSION = 5.0;
			};
			name = Release;
		};
		41C7BDDF2B1C8CCE002A1F1B /* Debug */ = {
			isa = XCBuildConfiguration;
			buildSettings = {
				CODE_SIGN_STYLE = Automatic;
				DEAD_CODE_STRIPPING = YES;
				PRODUCT_NAME = "$(TARGET_NAME)";
				SWIFT_VERSION = 5.0;
			};
			name = Debug;
		};
		41C7BDE02B1C8CCE002A1F1B /* Release */ = {
			isa = XCBuildConfiguration;
			buildSettings = {
				CODE_SIGN_STYLE = Automatic;
				DEAD_CODE_STRIPPING = YES;
				PRODUCT_NAME = "$(TARGET_NAME)";
				SWIFT_VERSION = 5.0;
			};
			name = Release;
		};
		41CA14112B2FB667001AB9FB /* Debug */ = {
			isa = XCBuildConfiguration;
			buildSettings = {
				CODE_SIGN_STYLE = Automatic;
				MACOSX_DEPLOYMENT_TARGET = 14.2;
				PRODUCT_NAME = "$(TARGET_NAME)";
				SWIFT_VERSION = 5.0;
			};
			name = Debug;
		};
		41CA14122B2FB667001AB9FB /* Release */ = {
			isa = XCBuildConfiguration;
			buildSettings = {
				CODE_SIGN_STYLE = Automatic;
				MACOSX_DEPLOYMENT_TARGET = 14.2;
				PRODUCT_NAME = "$(TARGET_NAME)";
				SWIFT_VERSION = 5.0;
			};
			name = Release;
		};
		41CA9AEC2B1DD01F00268654 /* Debug */ = {
			isa = XCBuildConfiguration;
			buildSettings = {
				CODE_SIGN_STYLE = Automatic;
				DEAD_CODE_STRIPPING = YES;
				PRODUCT_NAME = "$(TARGET_NAME)";
				SWIFT_VERSION = 5.0;
			};
			name = Debug;
		};
		41CA9AED2B1DD01F00268654 /* Release */ = {
			isa = XCBuildConfiguration;
			buildSettings = {
				CODE_SIGN_STYLE = Automatic;
				DEAD_CODE_STRIPPING = YES;
				PRODUCT_NAME = "$(TARGET_NAME)";
				SWIFT_VERSION = 5.0;
			};
			name = Release;
		};
		41EBEB602B1AA1CC00D2E9A3 /* Debug */ = {
			isa = XCBuildConfiguration;
			buildSettings = {
				ALWAYS_SEARCH_USER_PATHS = NO;
				ASSETCATALOG_COMPILER_GENERATE_SWIFT_ASSET_SYMBOL_EXTENSIONS = YES;
				CLANG_ANALYZER_NONNULL = YES;
				CLANG_ANALYZER_NUMBER_OBJECT_CONVERSION = YES_AGGRESSIVE;
				CLANG_CXX_LANGUAGE_STANDARD = "gnu++20";
				CLANG_ENABLE_MODULES = YES;
				CLANG_ENABLE_OBJC_ARC = YES;
				CLANG_ENABLE_OBJC_WEAK = YES;
				CLANG_WARN_BLOCK_CAPTURE_AUTORELEASING = YES;
				CLANG_WARN_BOOL_CONVERSION = YES;
				CLANG_WARN_COMMA = YES;
				CLANG_WARN_CONSTANT_CONVERSION = YES;
				CLANG_WARN_DEPRECATED_OBJC_IMPLEMENTATIONS = YES;
				CLANG_WARN_DIRECT_OBJC_ISA_USAGE = YES_ERROR;
				CLANG_WARN_DOCUMENTATION_COMMENTS = YES;
				CLANG_WARN_EMPTY_BODY = YES;
				CLANG_WARN_ENUM_CONVERSION = YES;
				CLANG_WARN_INFINITE_RECURSION = YES;
				CLANG_WARN_INT_CONVERSION = YES;
				CLANG_WARN_NON_LITERAL_NULL_CONVERSION = YES;
				CLANG_WARN_OBJC_IMPLICIT_RETAIN_SELF = YES;
				CLANG_WARN_OBJC_LITERAL_CONVERSION = YES;
				CLANG_WARN_OBJC_ROOT_CLASS = YES_ERROR;
				CLANG_WARN_QUOTED_INCLUDE_IN_FRAMEWORK_HEADER = YES;
				CLANG_WARN_RANGE_LOOP_ANALYSIS = YES;
				CLANG_WARN_STRICT_PROTOTYPES = YES;
				CLANG_WARN_SUSPICIOUS_MOVE = YES;
				CLANG_WARN_UNGUARDED_AVAILABILITY = YES_AGGRESSIVE;
				CLANG_WARN_UNREACHABLE_CODE = YES;
				CLANG_WARN__DUPLICATE_METHOD_MATCH = YES;
				COPY_PHASE_STRIP = NO;
				DEAD_CODE_STRIPPING = YES;
				DEBUG_INFORMATION_FORMAT = dwarf;
				ENABLE_STRICT_OBJC_MSGSEND = YES;
				ENABLE_TESTABILITY = YES;
				ENABLE_USER_SCRIPT_SANDBOXING = YES;
				GCC_C_LANGUAGE_STANDARD = gnu17;
				GCC_DYNAMIC_NO_PIC = NO;
				GCC_NO_COMMON_BLOCKS = YES;
				GCC_OPTIMIZATION_LEVEL = 0;
				GCC_PREPROCESSOR_DEFINITIONS = (
					"DEBUG=1",
					"$(inherited)",
				);
				GCC_WARN_64_TO_32_BIT_CONVERSION = YES;
				GCC_WARN_ABOUT_RETURN_TYPE = YES_ERROR;
				GCC_WARN_UNDECLARED_SELECTOR = YES;
				GCC_WARN_UNINITIALIZED_AUTOS = YES_AGGRESSIVE;
				GCC_WARN_UNUSED_FUNCTION = YES;
				GCC_WARN_UNUSED_VARIABLE = YES;
				LOCALIZATION_PREFERS_STRING_CATALOGS = YES;
				MACOSX_DEPLOYMENT_TARGET = 14.0;
				MTL_ENABLE_DEBUG_INFO = INCLUDE_SOURCE;
				MTL_FAST_MATH = YES;
				ONLY_ACTIVE_ARCH = YES;
				SDKROOT = macosx;
				SWIFT_ACTIVE_COMPILATION_CONDITIONS = "DEBUG $(inherited)";
				SWIFT_OPTIMIZATION_LEVEL = "-Onone";
			};
			name = Debug;
		};
		41EBEB612B1AA1CC00D2E9A3 /* Release */ = {
			isa = XCBuildConfiguration;
			buildSettings = {
				ALWAYS_SEARCH_USER_PATHS = NO;
				ASSETCATALOG_COMPILER_GENERATE_SWIFT_ASSET_SYMBOL_EXTENSIONS = YES;
				CLANG_ANALYZER_NONNULL = YES;
				CLANG_ANALYZER_NUMBER_OBJECT_CONVERSION = YES_AGGRESSIVE;
				CLANG_CXX_LANGUAGE_STANDARD = "gnu++20";
				CLANG_ENABLE_MODULES = YES;
				CLANG_ENABLE_OBJC_ARC = YES;
				CLANG_ENABLE_OBJC_WEAK = YES;
				CLANG_WARN_BLOCK_CAPTURE_AUTORELEASING = YES;
				CLANG_WARN_BOOL_CONVERSION = YES;
				CLANG_WARN_COMMA = YES;
				CLANG_WARN_CONSTANT_CONVERSION = YES;
				CLANG_WARN_DEPRECATED_OBJC_IMPLEMENTATIONS = YES;
				CLANG_WARN_DIRECT_OBJC_ISA_USAGE = YES_ERROR;
				CLANG_WARN_DOCUMENTATION_COMMENTS = YES;
				CLANG_WARN_EMPTY_BODY = YES;
				CLANG_WARN_ENUM_CONVERSION = YES;
				CLANG_WARN_INFINITE_RECURSION = YES;
				CLANG_WARN_INT_CONVERSION = YES;
				CLANG_WARN_NON_LITERAL_NULL_CONVERSION = YES;
				CLANG_WARN_OBJC_IMPLICIT_RETAIN_SELF = YES;
				CLANG_WARN_OBJC_LITERAL_CONVERSION = YES;
				CLANG_WARN_OBJC_ROOT_CLASS = YES_ERROR;
				CLANG_WARN_QUOTED_INCLUDE_IN_FRAMEWORK_HEADER = YES;
				CLANG_WARN_RANGE_LOOP_ANALYSIS = YES;
				CLANG_WARN_STRICT_PROTOTYPES = YES;
				CLANG_WARN_SUSPICIOUS_MOVE = YES;
				CLANG_WARN_UNGUARDED_AVAILABILITY = YES_AGGRESSIVE;
				CLANG_WARN_UNREACHABLE_CODE = YES;
				CLANG_WARN__DUPLICATE_METHOD_MATCH = YES;
				COPY_PHASE_STRIP = NO;
				DEAD_CODE_STRIPPING = YES;
				DEBUG_INFORMATION_FORMAT = "dwarf-with-dsym";
				ENABLE_NS_ASSERTIONS = NO;
				ENABLE_STRICT_OBJC_MSGSEND = YES;
				ENABLE_USER_SCRIPT_SANDBOXING = YES;
				GCC_C_LANGUAGE_STANDARD = gnu17;
				GCC_NO_COMMON_BLOCKS = YES;
				GCC_WARN_64_TO_32_BIT_CONVERSION = YES;
				GCC_WARN_ABOUT_RETURN_TYPE = YES_ERROR;
				GCC_WARN_UNDECLARED_SELECTOR = YES;
				GCC_WARN_UNINITIALIZED_AUTOS = YES_AGGRESSIVE;
				GCC_WARN_UNUSED_FUNCTION = YES;
				GCC_WARN_UNUSED_VARIABLE = YES;
				LOCALIZATION_PREFERS_STRING_CATALOGS = YES;
				MACOSX_DEPLOYMENT_TARGET = 14.0;
				MTL_ENABLE_DEBUG_INFO = NO;
				MTL_FAST_MATH = YES;
				SDKROOT = macosx;
				SWIFT_COMPILATION_MODE = wholemodule;
			};
			name = Release;
		};
		41EBEB6F2B1AA28C00D2E9A3 /* Debug */ = {
			isa = XCBuildConfiguration;
			buildSettings = {
				CODE_SIGN_STYLE = Automatic;
				DEAD_CODE_STRIPPING = YES;
				PRODUCT_NAME = "$(TARGET_NAME)";
				SWIFT_VERSION = 5.0;
			};
			name = Debug;
		};
		41EBEB702B1AA28C00D2E9A3 /* Release */ = {
			isa = XCBuildConfiguration;
			buildSettings = {
				CODE_SIGN_STYLE = Automatic;
				DEAD_CODE_STRIPPING = YES;
				PRODUCT_NAME = "$(TARGET_NAME)";
				SWIFT_VERSION = 5.0;
			};
			name = Release;
		};
/* End XCBuildConfiguration section */

/* Begin XCConfigurationList section */
		4100679F2B2A67CF00200500 /* Build configuration list for PBXNativeTarget "Day 11" */ = {
			isa = XCConfigurationList;
			buildConfigurations = (
				4100679D2B2A67CF00200500 /* Debug */,
				4100679E2B2A67CF00200500 /* Release */,
			);
			defaultConfigurationIsVisible = 0;
			defaultConfigurationName = Release;
		};
		410067AA2B2A76B700200500 /* Build configuration list for PBXNativeTarget "Day 12" */ = {
			isa = XCConfigurationList;
			buildConfigurations = (
				410067AB2B2A76B700200500 /* Debug */,
				410067AC2B2A76B700200500 /* Release */,
			);
			defaultConfigurationIsVisible = 0;
			defaultConfigurationName = Release;
		};
		412AE2202B1F34B50086AEED /* Build configuration list for PBXNativeTarget "Day 5" */ = {
			isa = XCConfigurationList;
			buildConfigurations = (
				412AE21E2B1F34B50086AEED /* Debug */,
				412AE21F2B1F34B50086AEED /* Release */,
			);
			defaultConfigurationIsVisible = 0;
			defaultConfigurationName = Release;
		};
		4193EDCE2B2387CE00C8D67A /* Build configuration list for PBXNativeTarget "Day 6" */ = {
			isa = XCConfigurationList;
			buildConfigurations = (
				4193EDCF2B2387CE00C8D67A /* Debug */,
				4193EDD02B2387CE00C8D67A /* Release */,
			);
			defaultConfigurationIsVisible = 0;
			defaultConfigurationName = Release;
		};
		4193EDDD2B239BF000C8D67A /* Build configuration list for PBXNativeTarget "Day 7" */ = {
			isa = XCConfigurationList;
			buildConfigurations = (
				4193EDDB2B239BF000C8D67A /* Debug */,
				4193EDDC2B239BF000C8D67A /* Release */,
			);
			defaultConfigurationIsVisible = 0;
			defaultConfigurationName = Release;
		};
		4193EDE62B24872C00C8D67A /* Build configuration list for PBXNativeTarget "Day 8" */ = {
			isa = XCConfigurationList;
			buildConfigurations = (
				4193EDE72B24872C00C8D67A /* Debug */,
				4193EDE82B24872C00C8D67A /* Release */,
			);
			defaultConfigurationIsVisible = 0;
			defaultConfigurationName = Release;
		};
		4193EDF42B24EDB900C8D67A /* Build configuration list for PBXNativeTarget "Day 9" */ = {
			isa = XCConfigurationList;
			buildConfigurations = (
				4193EDF52B24EDB900C8D67A /* Debug */,
				4193EDF62B24EDB900C8D67A /* Release */,
			);
			defaultConfigurationIsVisible = 0;
			defaultConfigurationName = Release;
		};
		4193EDFF2B25C74900C8D67A /* Build configuration list for PBXNativeTarget "Day 10" */ = {
			isa = XCConfigurationList;
			buildConfigurations = (
				4193EE002B25C74900C8D67A /* Debug */,
				4193EE012B25C74900C8D67A /* Release */,
			);
			defaultConfigurationIsVisible = 0;
			defaultConfigurationName = Release;
		};
		419845682B2BD4F7000E5AA9 /* Build configuration list for PBXNativeTarget "Day 13" */ = {
			isa = XCConfigurationList;
			buildConfigurations = (
				419845662B2BD4F7000E5AA9 /* Debug */,
				419845672B2BD4F7000E5AA9 /* Release */,
			);
			defaultConfigurationIsVisible = 0;
			defaultConfigurationName = Release;
		};
		419845712B2CBA10000E5AA9 /* Build configuration list for PBXNativeTarget "Day 14" */ = {
			isa = XCConfigurationList;
			buildConfigurations = (
				419845722B2CBA10000E5AA9 /* Debug */,
				419845732B2CBA10000E5AA9 /* Release */,
			);
			defaultConfigurationIsVisible = 0;
			defaultConfigurationName = Release;
		};
		4198457C2B2D060E000E5AA9 /* Build configuration list for PBXNativeTarget "Day 15" */ = {
			isa = XCConfigurationList;
			buildConfigurations = (
				4198457D2B2D060E000E5AA9 /* Debug */,
				4198457E2B2D060E000E5AA9 /* Release */,
			);
			defaultConfigurationIsVisible = 0;
			defaultConfigurationName = Release;
		};
		4198458A2B2D92E0000E5AA9 /* Build configuration list for PBXNativeTarget "Day 16" */ = {
			isa = XCConfigurationList;
			buildConfigurations = (
				4198458B2B2D92E0000E5AA9 /* Debug */,
				4198458C2B2D92E0000E5AA9 /* Release */,
			);
			defaultConfigurationIsVisible = 0;
			defaultConfigurationName = Release;
		};
		41C7BDD62B1B2B6E002A1F1B /* Build configuration list for PBXNativeTarget "Day 2" */ = {
			isa = XCConfigurationList;
			buildConfigurations = (
				41C7BDD42B1B2B6E002A1F1B /* Debug */,
				41C7BDD52B1B2B6E002A1F1B /* Release */,
			);
			defaultConfigurationIsVisible = 0;
			defaultConfigurationName = Release;
		};
		41C7BDE12B1C8CCE002A1F1B /* Build configuration list for PBXNativeTarget "Day 3" */ = {
			isa = XCConfigurationList;
			buildConfigurations = (
				41C7BDDF2B1C8CCE002A1F1B /* Debug */,
				41C7BDE02B1C8CCE002A1F1B /* Release */,
			);
			defaultConfigurationIsVisible = 0;
			defaultConfigurationName = Release;
		};
		41CA14132B2FB667001AB9FB /* Build configuration list for PBXNativeTarget "Day 17" */ = {
			isa = XCConfigurationList;
			buildConfigurations = (
				41CA14112B2FB667001AB9FB /* Debug */,
				41CA14122B2FB667001AB9FB /* Release */,
			);
			defaultConfigurationIsVisible = 0;
			defaultConfigurationName = Release;
		};
		41CA9AEE2B1DD01F00268654 /* Build configuration list for PBXNativeTarget "Day 4" */ = {
			isa = XCConfigurationList;
			buildConfigurations = (
				41CA9AEC2B1DD01F00268654 /* Debug */,
				41CA9AED2B1DD01F00268654 /* Release */,
			);
			defaultConfigurationIsVisible = 0;
			defaultConfigurationName = Release;
		};
		41EBEB562B1AA1CC00D2E9A3 /* Build configuration list for PBXProject "Advent of Code 2023" */ = {
			isa = XCConfigurationList;
			buildConfigurations = (
				41EBEB602B1AA1CC00D2E9A3 /* Debug */,
				41EBEB612B1AA1CC00D2E9A3 /* Release */,
			);
			defaultConfigurationIsVisible = 0;
			defaultConfigurationName = Release;
		};
		41EBEB6E2B1AA28C00D2E9A3 /* Build configuration list for PBXNativeTarget "Day 1" */ = {
			isa = XCConfigurationList;
			buildConfigurations = (
				41EBEB6F2B1AA28C00D2E9A3 /* Debug */,
				41EBEB702B1AA28C00D2E9A3 /* Release */,
			);
			defaultConfigurationIsVisible = 0;
			defaultConfigurationName = Release;
		};
/* End XCConfigurationList section */

/* Begin XCRemoteSwiftPackageReference section */
		416B50CD2B1CF21000C39077 /* XCRemoteSwiftPackageReference "swift-algorithms" */ = {
			isa = XCRemoteSwiftPackageReference;
			repositoryURL = "https://github.com/apple/swift-algorithms.git";
			requirement = {
				kind = upToNextMajorVersion;
				minimumVersion = 1.2.0;
			};
		};
		416B50D02B1CF31000C39077 /* XCRemoteSwiftPackageReference "swift-argument-parser" */ = {
			isa = XCRemoteSwiftPackageReference;
			repositoryURL = "https://github.com/apple/swift-argument-parser.git";
			requirement = {
				kind = upToNextMajorVersion;
				minimumVersion = 1.2.3;
			};
		};
		417964432B201C8C0098A8E9 /* XCRemoteSwiftPackageReference "swift-se0270-range-set" */ = {
			isa = XCRemoteSwiftPackageReference;
			repositoryURL = "https://github.com/apple/swift-se0270-range-set";
			requirement = {
				kind = upToNextMajorVersion;
				minimumVersion = 1.0.1;
			};
		};
		4193EDE92B24E2AD00C8D67A /* XCRemoteSwiftPackageReference "Euler" */ = {
			isa = XCRemoteSwiftPackageReference;
			repositoryURL = "https://github.com/arguiot/Euler.git";
			requirement = {
				kind = upToNextMajorVersion;
				minimumVersion = 0.3.12;
			};
		};
		4198457F2B2D0F21000E5AA9 /* XCRemoteSwiftPackageReference "swift-collections" */ = {
			isa = XCRemoteSwiftPackageReference;
			repositoryURL = "https://github.com/apple/swift-collections.git";
			requirement = {
				kind = upToNextMajorVersion;
				minimumVersion = 1.0.5;
			};
		};
/* End XCRemoteSwiftPackageReference section */

/* Begin XCSwiftPackageProductDependency section */
		410067A02B2A6D2B00200500 /* Algorithms */ = {
			isa = XCSwiftPackageProductDependency;
			package = 416B50CD2B1CF21000C39077 /* XCRemoteSwiftPackageReference "swift-algorithms" */;
			productName = Algorithms;
		};
		417964442B201C8C0098A8E9 /* SE0270_RangeSet */ = {
			isa = XCSwiftPackageProductDependency;
			package = 417964432B201C8C0098A8E9 /* XCRemoteSwiftPackageReference "swift-se0270-range-set" */;
			productName = SE0270_RangeSet;
		};
		4193EDD12B23891D00C8D67A /* Algorithms */ = {
			isa = XCSwiftPackageProductDependency;
			package = 416B50CD2B1CF21000C39077 /* XCRemoteSwiftPackageReference "swift-algorithms" */;
			productName = Algorithms;
		};
		4193EDEA2B24E2AD00C8D67A /* Euler */ = {
			isa = XCSwiftPackageProductDependency;
			package = 4193EDE92B24E2AD00C8D67A /* XCRemoteSwiftPackageReference "Euler" */;
			productName = Euler;
		};
		419845802B2D0F3D000E5AA9 /* OrderedCollections */ = {
			isa = XCSwiftPackageProductDependency;
			package = 4198457F2B2D0F21000E5AA9 /* XCRemoteSwiftPackageReference "swift-collections" */;
			productName = OrderedCollections;
		};
		41CA9AF02B1DD34500268654 /* Algorithms */ = {
			isa = XCSwiftPackageProductDependency;
			package = 416B50CD2B1CF21000C39077 /* XCRemoteSwiftPackageReference "swift-algorithms" */;
			productName = Algorithms;
		};
/* End XCSwiftPackageProductDependency section */
	};
	rootObject = 41EBEB532B1AA1CC00D2E9A3 /* Project object */;
}
