{
  "pins" : [
    {
      "identity" : "euler",
      "kind" : "remoteSourceControl",
      "location" : "https://github.com/arguiot/Euler.git",
      "state" : {
        "revision" : "f54c76e1ccd64e73623c2f44deb6ff78a03fcb24",
        "version" : "0.3.12"
      }
    },
    {
      "identity" : "swift-algorithms",
      "kind" : "remoteSourceControl",
      "location" : "https://github.com/apple/swift-algorithms.git",
      "state" : {
        "revision" : "f6919dfc309e7f1b56224378b11e28bab5bccc42",
        "version" : "1.2.0"
      }
    },
    {
      "identity" : "swift-argument-parser",
      "kind" : "remoteSourceControl",
      "location" : "https://github.com/apple/swift-argument-parser.git",
      "state" : {
        "revision" : "8f4d2753f0e4778c76d5f05ad16c74f707390531",
        "version" : "1.2.3"
      }
    },
    {
      "identity" : "swift-numerics",
      "kind" : "remoteSourceControl",
      "location" : "https://github.com/apple/swift-numerics.git",
      "state" : {
        "revision" : "0a5bc04095a675662cf24757cc0640aa2204253b",
        "version" : "1.0.2"
      }
    },
    {
      "identity" : "swift-se0270-range-set",
      "kind" : "remoteSourceControl",
      "location" : "https://github.com/apple/swift-se0270-range-set",
      "state" : {
        "revision" : "7d6d7531d40e95f4e1e26f6565265be6df228911",
        "version" : "1.0.1"
      }
    }
  ],
  "version" : 2
}
